
Microsoft Visual Studio Solution File, Format Version 12.00
# Visual Studio Version 17
VisualStudioVersion = 17.7.34221.43
MinimumVisualStudioVersion = 10.0.40219.1
Project("{FAE04EC0-301F-11D3-BF4B-00C04F79EFBC}") = "1.DayOfWeek", "1.DayOfWeek\1.DayOfWeek.csproj", "{8EA90982-F444-498D-A6C8-25D71A321EC4}"
EndProject
Project("{FAE04EC0-301F-11D3-BF4B-00C04F79EFBC}") = "2.PrintNumbersInReverseOrder", "2.PrintNumbersInReverseOrder\2.PrintNumbersInReverseOrder.csproj", "{86AAD65E-C062-4A79-BB3F-A6FB6343BFD5}"
EndProject
Project("{FAE04EC0-301F-11D3-BF4B-00C04F79EFBC}") = "3.RoundingNumbers", "3.RoundingNumbers\3.RoundingNumbers.csproj", "{58182E6E-6B3A-42B3-918D-C707AF80E2DC}"
EndProject
Project("{FAE04EC0-301F-11D3-BF4B-00C04F79EFBC}") = "4.ReverseArrayOfStrings", "4.ReverseArrayOfStrings\4.ReverseArrayOfStrings.csproj", "{D52FD4AB-18FD-4F81-8DCA-306918252698}"
EndProject
Project("{FAE04EC0-301F-11D3-BF4B-00C04F79EFBC}") = "5.SumEvenNumbers", "5.SumEvenNumbers\5.SumEvenNumbers.csproj", "{FC6EE922-626C-450D-8B14-6AE2D6B5F978}"
EndProject
Project("{FAE04EC0-301F-11D3-BF4B-00C04F79EFBC}") = "6.EvenAndOddSubtraction", "6.EvenAndOddSubtraction\6.EvenAndOddSubtraction.csproj", "{71892126-50BA-4EB3-883D-41AC063D0FF9}"
EndProject
Project("{FAE04EC0-301F-11D3-BF4B-00C04F79EFBC}") = "8.Condens ArrayToNumber", "8.Condens ArrayToNumber\8.Condens ArrayToNumber.csproj", "{CE171AE0-4858-4738-9015-746C2F22A0F7}"
EndProject
Project("{FAE04EC0-301F-11D3-BF4B-00C04F79EFBC}") = "7.EqualArrays", "7.EqualArrays\7.EqualArrays.csproj", "{C9ADD273-B013-4D5C-AB20-D2FC7546B1EB}"
EndProject
Global
	GlobalSection(SolutionConfigurationPlatforms) = preSolution
		Debug|Any CPU = Debug|Any CPU
		Release|Any CPU = Release|Any CPU
	EndGlobalSection
	GlobalSection(ProjectConfigurationPlatforms) = postSolution
		{8EA90982-F444-498D-A6C8-25D71A321EC4}.Debug|Any CPU.ActiveCfg = Debug|Any CPU
		{8EA90982-F444-498D-A6C8-25D71A321EC4}.Debug|Any CPU.Build.0 = Debug|Any CPU
		{8EA90982-F444-498D-A6C8-25D71A321EC4}.Release|Any CPU.ActiveCfg = Release|Any CPU
		{8EA90982-F444-498D-A6C8-25D71A321EC4}.Release|Any CPU.Build.0 = Release|Any CPU
		{86AAD65E-C062-4A79-BB3F-A6FB6343BFD5}.Debug|Any CPU.ActiveCfg = Debug|Any CPU
		{86AAD65E-C062-4A79-BB3F-A6FB6343BFD5}.Debug|Any CPU.Build.0 = Debug|Any CPU
		{86AAD65E-C062-4A79-BB3F-A6FB6343BFD5}.Release|Any CPU.ActiveCfg = Release|Any CPU
		{86AAD65E-C062-4A79-BB3F-A6FB6343BFD5}.Release|Any CPU.Build.0 = Release|Any CPU
		{58182E6E-6B3A-42B3-918D-C707AF80E2DC}.Debug|Any CPU.ActiveCfg = Debug|Any CPU
		{58182E6E-6B3A-42B3-918D-C707AF80E2DC}.Debug|Any CPU.Build.0 = Debug|Any CPU
		{58182E6E-6B3A-42B3-918D-C707AF80E2DC}.Release|Any CPU.ActiveCfg = Release|Any CPU
		{58182E6E-6B3A-42B3-918D-C707AF80E2DC}.Release|Any CPU.Build.0 = Release|Any CPU
		{D52FD4AB-18FD-4F81-8DCA-306918252698}.Debug|Any CPU.ActiveCfg = Debug|Any CPU
		{D52FD4AB-18FD-4F81-8DCA-306918252698}.Debug|Any CPU.Build.0 = Debug|Any CPU
		{D52FD4AB-18FD-4F81-8DCA-306918252698}.Release|Any CPU.ActiveCfg = Release|Any CPU
		{D52FD4AB-18FD-4F81-8DCA-306918252698}.Release|Any CPU.Build.0 = Release|Any CPU
		{FC6EE922-626C-450D-8B14-6AE2D6B5F978}.Debug|Any CPU.ActiveCfg = Debug|Any CPU
		{FC6EE922-626C-450D-8B14-6AE2D6B5F978}.Debug|Any CPU.Build.0 = Debug|Any CPU
		{FC6EE922-626C-450D-8B14-6AE2D6B5F978}.Release|Any CPU.ActiveCfg = Release|Any CPU
		{FC6EE922-626C-450D-8B14-6AE2D6B5F978}.Release|Any CPU.Build.0 = Release|Any CPU
		{71892126-50BA-4EB3-883D-41AC063D0FF9}.Debug|Any CPU.ActiveCfg = Debug|Any CPU
		{71892126-50BA-4EB3-883D-41AC063D0FF9}.Debug|Any CPU.Build.0 = Debug|Any CPU
		{71892126-50BA-4EB3-883D-41AC063D0FF9}.Release|Any CPU.ActiveCfg = Release|Any CPU
		{71892126-50BA-4EB3-883D-41AC063D0FF9}.Release|Any CPU.Build.0 = Release|Any CPU
		{CE171AE0-4858-4738-9015-746C2F22A0F7}.Debug|Any CPU.ActiveCfg = Debug|Any CPU
		{CE171AE0-4858-4738-9015-746C2F22A0F7}.Debug|Any CPU.Build.0 = Debug|Any CPU
		{CE171AE0-4858-4738-9015-746C2F22A0F7}.Release|Any CPU.ActiveCfg = Release|Any CPU
		{CE171AE0-4858-4738-9015-746C2F22A0F7}.Release|Any CPU.Build.0 = Release|Any CPU
		{C9ADD273-B013-4D5C-AB20-D2FC7546B1EB}.Debug|Any CPU.ActiveCfg = Debug|Any CPU
		{C9ADD273-B013-4D5C-AB20-D2FC7546B1EB}.Debug|Any CPU.Build.0 = Debug|Any CPU
		{C9ADD273-B013-4D5C-AB20-D2FC7546B1EB}.Release|Any CPU.ActiveCfg = Release|Any CPU
		{C9ADD273-B013-4D5C-AB20-D2FC7546B1EB}.Release|Any CPU.Build.0 = Release|Any CPU
	EndGlobalSection
	GlobalSection(SolutionProperties) = preSolution
		HideSolutionNode = FALSE
	EndGlobalSection
	GlobalSection(ExtensibilityGlobals) = postSolution
		SolutionGuid = {FF26127C-505F-4213-A635-D6AA9AF8B605}
	EndGlobalSection
EndGlobal
