
Microsoft Visual Studio Solution File, Format Version 12.00
# Visual Studio Version 17
VisualStudioVersion = 17.7.34221.43
MinimumVisualStudioVersion = 10.0.40219.1
Project("{9A19103F-16F7-4668-BE54-9A1E7A4F7556}") = "01.Registration", "01.Registration\01.Registration.csproj", "{42CEFDDE-2CDC-4A43-A089-06AA5BF77DEA}"
EndProject
Project("{9A19103F-16F7-4668-BE54-9A1E7A4F7556}") = "03.BakeryShop", "03.BakeryShop\03.BakeryShop.csproj", "{6D1A9724-EAE3-4385-ACB5-03B1B0014BB1}"
EndProject
Project("{9A19103F-16F7-4668-BE54-9A1E7A4F7556}") = "02.AdAstra", "02.AdAstra\02.AdAstra.csproj", "{82AB2E2D-8231-4E66-A069-B536D8663880}"
EndProject
Project("{9A19103F-16F7-4668-BE54-9A1E7A4F7556}") = "01.SecretChat", "01.SecretChat\01.SecretChat.csproj", "{FCFCA5BC-46AB-44C7-888F-F20C23044AFE}"
EndProject
Project("{9A19103F-16F7-4668-BE54-9A1E7A4F7556}") = "03.PlantDiscovery", "03.PlantDiscovery\03.PlantDiscovery.csproj", "{A989ECB3-EBD2-46E0-90BB-797E82A5CF68}"
EndProject
Project("{9A19103F-16F7-4668-BE54-9A1E7A4F7556}") = "01.ActivationKeys", "01.ActivationKeys\01.ActivationKeys.csproj", "{AE70523B-65A8-4311-9EB6-4D5363869C60}"
EndProject
Project("{9A19103F-16F7-4668-BE54-9A1E7A4F7556}") = "02.EmojiDetector", "02.EmojiDetector\02.EmojiDetector.csproj", "{B7DB479C-8C11-405A-AD68-4946E865774F}"
EndProject
Project("{9A19103F-16F7-4668-BE54-9A1E7A4F7556}") = "03.P!rates", "03.P!rates\03.P!rates.csproj", "{BF3D7370-37AB-46A8-A7ED-39CECAEFC78B}"
EndProject
Project("{9A19103F-16F7-4668-BE54-9A1E7A4F7556}") = "01.PasswordReset", "01.PasswordReset\01.PasswordReset.csproj", "{51A34F05-6BA1-44D0-94A1-7A2FDF9AC2E1}"
EndProject
Project("{9A19103F-16F7-4668-BE54-9A1E7A4F7556}") = "02.FancyBarcodes", "02.FancyBarcodes\02.FancyBarcodes.csproj", "{289F42B6-14C4-44C8-B437-66B8B73AC150}"
EndProject
Project("{9A19103F-16F7-4668-BE54-9A1E7A4F7556}") = "03.HeroesOfCodeAndLogicVII", "03.HeroesOfCodeAndLogicVII\03.HeroesOfCodeAndLogicVII.csproj", "{BAD2EDA8-5723-43CA-B25A-C50CCF88ED80}"
EndProject
Global
	GlobalSection(SolutionConfigurationPlatforms) = preSolution
		Debug|Any CPU = Debug|Any CPU
		Release|Any CPU = Release|Any CPU
	EndGlobalSection
	GlobalSection(ProjectConfigurationPlatforms) = postSolution
		{42CEFDDE-2CDC-4A43-A089-06AA5BF77DEA}.Debug|Any CPU.ActiveCfg = Debug|Any CPU
		{42CEFDDE-2CDC-4A43-A089-06AA5BF77DEA}.Debug|Any CPU.Build.0 = Debug|Any CPU
		{42CEFDDE-2CDC-4A43-A089-06AA5BF77DEA}.Release|Any CPU.ActiveCfg = Release|Any CPU
		{42CEFDDE-2CDC-4A43-A089-06AA5BF77DEA}.Release|Any CPU.Build.0 = Release|Any CPU
		{6D1A9724-EAE3-4385-ACB5-03B1B0014BB1}.Debug|Any CPU.ActiveCfg = Debug|Any CPU
		{6D1A9724-EAE3-4385-ACB5-03B1B0014BB1}.Debug|Any CPU.Build.0 = Debug|Any CPU
		{6D1A9724-EAE3-4385-ACB5-03B1B0014BB1}.Release|Any CPU.ActiveCfg = Release|Any CPU
		{6D1A9724-EAE3-4385-ACB5-03B1B0014BB1}.Release|Any CPU.Build.0 = Release|Any CPU
		{82AB2E2D-8231-4E66-A069-B536D8663880}.Debug|Any CPU.ActiveCfg = Debug|Any CPU
		{82AB2E2D-8231-4E66-A069-B536D8663880}.Debug|Any CPU.Build.0 = Debug|Any CPU
		{82AB2E2D-8231-4E66-A069-B536D8663880}.Release|Any CPU.ActiveCfg = Release|Any CPU
		{82AB2E2D-8231-4E66-A069-B536D8663880}.Release|Any CPU.Build.0 = Release|Any CPU
		{FCFCA5BC-46AB-44C7-888F-F20C23044AFE}.Debug|Any CPU.ActiveCfg = Debug|Any CPU
		{FCFCA5BC-46AB-44C7-888F-F20C23044AFE}.Debug|Any CPU.Build.0 = Debug|Any CPU
		{FCFCA5BC-46AB-44C7-888F-F20C23044AFE}.Release|Any CPU.ActiveCfg = Release|Any CPU
		{FCFCA5BC-46AB-44C7-888F-F20C23044AFE}.Release|Any CPU.Build.0 = Release|Any CPU
		{A989ECB3-EBD2-46E0-90BB-797E82A5CF68}.Debug|Any CPU.ActiveCfg = Debug|Any CPU
		{A989ECB3-EBD2-46E0-90BB-797E82A5CF68}.Debug|Any CPU.Build.0 = Debug|Any CPU
		{A989ECB3-EBD2-46E0-90BB-797E82A5CF68}.Release|Any CPU.ActiveCfg = Release|Any CPU
		{A989ECB3-EBD2-46E0-90BB-797E82A5CF68}.Release|Any CPU.Build.0 = Release|Any CPU
		{AE70523B-65A8-4311-9EB6-4D5363869C60}.Debug|Any CPU.ActiveCfg = Debug|Any CPU
		{AE70523B-65A8-4311-9EB6-4D5363869C60}.Debug|Any CPU.Build.0 = Debug|Any CPU
		{AE70523B-65A8-4311-9EB6-4D5363869C60}.Release|Any CPU.ActiveCfg = Release|Any CPU
		{AE70523B-65A8-4311-9EB6-4D5363869C60}.Release|Any CPU.Build.0 = Release|Any CPU
		{B7DB479C-8C11-405A-AD68-4946E865774F}.Debug|Any CPU.ActiveCfg = Debug|Any CPU
		{B7DB479C-8C11-405A-AD68-4946E865774F}.Debug|Any CPU.Build.0 = Debug|Any CPU
		{B7DB479C-8C11-405A-AD68-4946E865774F}.Release|Any CPU.ActiveCfg = Release|Any CPU
		{B7DB479C-8C11-405A-AD68-4946E865774F}.Release|Any CPU.Build.0 = Release|Any CPU
		{BF3D7370-37AB-46A8-A7ED-39CECAEFC78B}.Debug|Any CPU.ActiveCfg = Debug|Any CPU
		{BF3D7370-37AB-46A8-A7ED-39CECAEFC78B}.Debug|Any CPU.Build.0 = Debug|Any CPU
		{BF3D7370-37AB-46A8-A7ED-39CECAEFC78B}.Release|Any CPU.ActiveCfg = Release|Any CPU
		{BF3D7370-37AB-46A8-A7ED-39CECAEFC78B}.Release|Any CPU.Build.0 = Release|Any CPU
		{51A34F05-6BA1-44D0-94A1-7A2FDF9AC2E1}.Debug|Any CPU.ActiveCfg = Debug|Any CPU
		{51A34F05-6BA1-44D0-94A1-7A2FDF9AC2E1}.Debug|Any CPU.Build.0 = Debug|Any CPU
		{51A34F05-6BA1-44D0-94A1-7A2FDF9AC2E1}.Release|Any CPU.ActiveCfg = Release|Any CPU
		{51A34F05-6BA1-44D0-94A1-7A2FDF9AC2E1}.Release|Any CPU.Build.0 = Release|Any CPU
		{289F42B6-14C4-44C8-B437-66B8B73AC150}.Debug|Any CPU.ActiveCfg = Debug|Any CPU
		{289F42B6-14C4-44C8-B437-66B8B73AC150}.Debug|Any CPU.Build.0 = Debug|Any CPU
		{289F42B6-14C4-44C8-B437-66B8B73AC150}.Release|Any CPU.ActiveCfg = Release|Any CPU
		{289F42B6-14C4-44C8-B437-66B8B73AC150}.Release|Any CPU.Build.0 = Release|Any CPU
		{BAD2EDA8-5723-43CA-B25A-C50CCF88ED80}.Debug|Any CPU.ActiveCfg = Debug|Any CPU
		{BAD2EDA8-5723-43CA-B25A-C50CCF88ED80}.Debug|Any CPU.Build.0 = Debug|Any CPU
		{BAD2EDA8-5723-43CA-B25A-C50CCF88ED80}.Release|Any CPU.ActiveCfg = Release|Any CPU
		{BAD2EDA8-5723-43CA-B25A-C50CCF88ED80}.Release|Any CPU.Build.0 = Release|Any CPU
	EndGlobalSection
	GlobalSection(SolutionProperties) = preSolution
		HideSolutionNode = FALSE
	EndGlobalSection
	GlobalSection(ExtensibilityGlobals) = postSolution
		SolutionGuid = {91DA5CEE-25B4-47E6-95DD-8146033860E1}
	EndGlobalSection
EndGlobal
