
Microsoft Visual Studio Solution File, Format Version 12.00
# Visual Studio Version 17
VisualStudioVersion = 17.10.35122.118
MinimumVisualStudioVersion = 10.0.40219.1
Project("{9A19103F-16F7-4668-BE54-9A1E7A4F7556}") = "1.DiagonalDifference", "1.DiagonalDifference\1.DiagonalDifference.csproj", "{280AA81B-058F-4E31-989C-474EDCB80974}"
EndProject
Project("{9A19103F-16F7-4668-BE54-9A1E7A4F7556}") = "2.SquaresInMatrix", "2.SquaresInMatrix\2.SquaresInMatrix.csproj", "{1E105C3B-D997-4224-A2A8-77133614CEAB}"
EndProject
Project("{9A19103F-16F7-4668-BE54-9A1E7A4F7556}") = "3.MaximalSum", "3.MaximalSum\3.MaximalSum.csproj", "{215AFFEB-007E-460B-B586-D59F387DEC5A}"
EndProject
Project("{9A19103F-16F7-4668-BE54-9A1E7A4F7556}") = "4.MatrixShuffling", "4.MatrixShuffling\4.MatrixShuffling.csproj", "{FDB360A2-594C-45CB-BA2C-07B424CA3E50}"
EndProject
Project("{FAE04EC0-301F-11D3-BF4B-00C04F79EFBC}") = "5.SnakeMoves", "5.SnakeMoves\5.SnakeMoves.csproj", "{55B0E06A-0BE0-42E0-ABD2-34BE406B64F2}"
EndProject
Project("{FAE04EC0-301F-11D3-BF4B-00C04F79EFBC}") = "7.KnightGame", "7.KnightGame\7.KnightGame.csproj", "{418D0FE9-53B3-49F8-AF1B-1C01D258C3EB}"
EndProject
Project("{FAE04EC0-301F-11D3-BF4B-00C04F79EFBC}") = "8.Bombs", "8.Bombs\8.Bombs.csproj", "{43BAB3ED-89BA-4C75-8B22-C129B9BCE841}"
EndProject
Global
	GlobalSection(SolutionConfigurationPlatforms) = preSolution
		Debug|Any CPU = Debug|Any CPU
		Release|Any CPU = Release|Any CPU
	EndGlobalSection
	GlobalSection(ProjectConfigurationPlatforms) = postSolution
		{280AA81B-058F-4E31-989C-474EDCB80974}.Debug|Any CPU.ActiveCfg = Debug|Any CPU
		{280AA81B-058F-4E31-989C-474EDCB80974}.Debug|Any CPU.Build.0 = Debug|Any CPU
		{280AA81B-058F-4E31-989C-474EDCB80974}.Release|Any CPU.ActiveCfg = Release|Any CPU
		{280AA81B-058F-4E31-989C-474EDCB80974}.Release|Any CPU.Build.0 = Release|Any CPU
		{1E105C3B-D997-4224-A2A8-77133614CEAB}.Debug|Any CPU.ActiveCfg = Debug|Any CPU
		{1E105C3B-D997-4224-A2A8-77133614CEAB}.Debug|Any CPU.Build.0 = Debug|Any CPU
		{1E105C3B-D997-4224-A2A8-77133614CEAB}.Release|Any CPU.ActiveCfg = Release|Any CPU
		{1E105C3B-D997-4224-A2A8-77133614CEAB}.Release|Any CPU.Build.0 = Release|Any CPU
		{215AFFEB-007E-460B-B586-D59F387DEC5A}.Debug|Any CPU.ActiveCfg = Debug|Any CPU
		{215AFFEB-007E-460B-B586-D59F387DEC5A}.Debug|Any CPU.Build.0 = Debug|Any CPU
		{215AFFEB-007E-460B-B586-D59F387DEC5A}.Release|Any CPU.ActiveCfg = Release|Any CPU
		{215AFFEB-007E-460B-B586-D59F387DEC5A}.Release|Any CPU.Build.0 = Release|Any CPU
		{FDB360A2-594C-45CB-BA2C-07B424CA3E50}.Debug|Any CPU.ActiveCfg = Debug|Any CPU
		{FDB360A2-594C-45CB-BA2C-07B424CA3E50}.Debug|Any CPU.Build.0 = Debug|Any CPU
		{FDB360A2-594C-45CB-BA2C-07B424CA3E50}.Release|Any CPU.ActiveCfg = Release|Any CPU
		{FDB360A2-594C-45CB-BA2C-07B424CA3E50}.Release|Any CPU.Build.0 = Release|Any CPU
		{55B0E06A-0BE0-42E0-ABD2-34BE406B64F2}.Debug|Any CPU.ActiveCfg = Debug|Any CPU
		{55B0E06A-0BE0-42E0-ABD2-34BE406B64F2}.Debug|Any CPU.Build.0 = Debug|Any CPU
		{55B0E06A-0BE0-42E0-ABD2-34BE406B64F2}.Release|Any CPU.ActiveCfg = Release|Any CPU
		{55B0E06A-0BE0-42E0-ABD2-34BE406B64F2}.Release|Any CPU.Build.0 = Release|Any CPU
		{418D0FE9-53B3-49F8-AF1B-1C01D258C3EB}.Debug|Any CPU.ActiveCfg = Debug|Any CPU
		{418D0FE9-53B3-49F8-AF1B-1C01D258C3EB}.Debug|Any CPU.Build.0 = Debug|Any CPU
		{418D0FE9-53B3-49F8-AF1B-1C01D258C3EB}.Release|Any CPU.ActiveCfg = Release|Any CPU
		{418D0FE9-53B3-49F8-AF1B-1C01D258C3EB}.Release|Any CPU.Build.0 = Release|Any CPU
		{43BAB3ED-89BA-4C75-8B22-C129B9BCE841}.Debug|Any CPU.ActiveCfg = Debug|Any CPU
		{43BAB3ED-89BA-4C75-8B22-C129B9BCE841}.Debug|Any CPU.Build.0 = Debug|Any CPU
		{43BAB3ED-89BA-4C75-8B22-C129B9BCE841}.Release|Any CPU.ActiveCfg = Release|Any CPU
		{43BAB3ED-89BA-4C75-8B22-C129B9BCE841}.Release|Any CPU.Build.0 = Release|Any CPU
	EndGlobalSection
	GlobalSection(SolutionProperties) = preSolution
		HideSolutionNode = FALSE
	EndGlobalSection
	GlobalSection(ExtensibilityGlobals) = postSolution
		SolutionGuid = {20E244DA-EAA8-4965-AFDE-0200775ED7A5}
	EndGlobalSection
EndGlobal
