
Microsoft Visual Studio Solution File, Format Version 12.00
# Visual Studio Version 17
VisualStudioVersion = 17.7.34221.43
MinimumVisualStudioVersion = 10.0.40219.1
Project("{9A19103F-16F7-4668-BE54-9A1E7A4F7556}") = "01.RandomizeWords", "01.RandomizeWords\01.RandomizeWords.csproj", "{30525AE3-13C4-4FB3-B895-82CE704E797D}"
EndProject
Project("{9A19103F-16F7-4668-BE54-9A1E7A4F7556}") = "02.BigFactorial", "02.BigFactorial\02.BigFactorial.csproj", "{6266AE10-B3FA-4BB9-AAD2-18C855B1F90E}"
EndProject
Project("{FAE04EC0-301F-11D3-BF4B-00C04F79EFBC}") = "03.Songs", "03.Songs\03.Songs.csproj", "{C95BDE65-FC9E-43BB-9B1D-14F429C0FAC1}"
EndProject
Project("{FAE04EC0-301F-11D3-BF4B-00C04F79EFBC}") = "04.Students", "04.Students\04.Students.csproj", "{7BF0AC33-982E-4899-868B-D523519165BF}"
EndProject
Project("{FAE04EC0-301F-11D3-BF4B-00C04F79EFBC}") = "05.Students2.0", "05.Students2.0\05.Students2.0.csproj", "{1A9CEB82-1AF4-4DD0-BF78-3C24AF0759E0}"
EndProject
Project("{FAE04EC0-301F-11D3-BF4B-00C04F79EFBC}") = "06.StoreBoxes", "06.StoreBoxes\06.StoreBoxes.csproj", "{FEADA566-3D40-4AF9-9FC6-B864CF1D25D5}"
EndProject
Project("{FAE04EC0-301F-11D3-BF4B-00C04F79EFBC}") = "test", "test\test.csproj", "{762E1D6E-B02D-4198-9789-55AD296393C5}"
EndProject
Global
	GlobalSection(SolutionConfigurationPlatforms) = preSolution
		Debug|Any CPU = Debug|Any CPU
		Release|Any CPU = Release|Any CPU
	EndGlobalSection
	GlobalSection(ProjectConfigurationPlatforms) = postSolution
		{30525AE3-13C4-4FB3-B895-82CE704E797D}.Debug|Any CPU.ActiveCfg = Debug|Any CPU
		{30525AE3-13C4-4FB3-B895-82CE704E797D}.Debug|Any CPU.Build.0 = Debug|Any CPU
		{30525AE3-13C4-4FB3-B895-82CE704E797D}.Release|Any CPU.ActiveCfg = Release|Any CPU
		{30525AE3-13C4-4FB3-B895-82CE704E797D}.Release|Any CPU.Build.0 = Release|Any CPU
		{6266AE10-B3FA-4BB9-AAD2-18C855B1F90E}.Debug|Any CPU.ActiveCfg = Debug|Any CPU
		{6266AE10-B3FA-4BB9-AAD2-18C855B1F90E}.Debug|Any CPU.Build.0 = Debug|Any CPU
		{6266AE10-B3FA-4BB9-AAD2-18C855B1F90E}.Release|Any CPU.ActiveCfg = Release|Any CPU
		{6266AE10-B3FA-4BB9-AAD2-18C855B1F90E}.Release|Any CPU.Build.0 = Release|Any CPU
		{C95BDE65-FC9E-43BB-9B1D-14F429C0FAC1}.Debug|Any CPU.ActiveCfg = Debug|Any CPU
		{C95BDE65-FC9E-43BB-9B1D-14F429C0FAC1}.Debug|Any CPU.Build.0 = Debug|Any CPU
		{C95BDE65-FC9E-43BB-9B1D-14F429C0FAC1}.Release|Any CPU.ActiveCfg = Release|Any CPU
		{C95BDE65-FC9E-43BB-9B1D-14F429C0FAC1}.Release|Any CPU.Build.0 = Release|Any CPU
		{7BF0AC33-982E-4899-868B-D523519165BF}.Debug|Any CPU.ActiveCfg = Debug|Any CPU
		{7BF0AC33-982E-4899-868B-D523519165BF}.Debug|Any CPU.Build.0 = Debug|Any CPU
		{7BF0AC33-982E-4899-868B-D523519165BF}.Release|Any CPU.ActiveCfg = Release|Any CPU
		{7BF0AC33-982E-4899-868B-D523519165BF}.Release|Any CPU.Build.0 = Release|Any CPU
		{1A9CEB82-1AF4-4DD0-BF78-3C24AF0759E0}.Debug|Any CPU.ActiveCfg = Debug|Any CPU
		{1A9CEB82-1AF4-4DD0-BF78-3C24AF0759E0}.Debug|Any CPU.Build.0 = Debug|Any CPU
		{1A9CEB82-1AF4-4DD0-BF78-3C24AF0759E0}.Release|Any CPU.ActiveCfg = Release|Any CPU
		{1A9CEB82-1AF4-4DD0-BF78-3C24AF0759E0}.Release|Any CPU.Build.0 = Release|Any CPU
		{FEADA566-3D40-4AF9-9FC6-B864CF1D25D5}.Debug|Any CPU.ActiveCfg = Debug|Any CPU
		{FEADA566-3D40-4AF9-9FC6-B864CF1D25D5}.Debug|Any CPU.Build.0 = Debug|Any CPU
		{FEADA566-3D40-4AF9-9FC6-B864CF1D25D5}.Release|Any CPU.ActiveCfg = Release|Any CPU
		{FEADA566-3D40-4AF9-9FC6-B864CF1D25D5}.Release|Any CPU.Build.0 = Release|Any CPU
		{762E1D6E-B02D-4198-9789-55AD296393C5}.Debug|Any CPU.ActiveCfg = Debug|Any CPU
		{762E1D6E-B02D-4198-9789-55AD296393C5}.Debug|Any CPU.Build.0 = Debug|Any CPU
		{762E1D6E-B02D-4198-9789-55AD296393C5}.Release|Any CPU.ActiveCfg = Release|Any CPU
		{762E1D6E-B02D-4198-9789-55AD296393C5}.Release|Any CPU.Build.0 = Release|Any CPU
	EndGlobalSection
	GlobalSection(SolutionProperties) = preSolution
		HideSolutionNode = FALSE
	EndGlobalSection
	GlobalSection(ExtensibilityGlobals) = postSolution
		SolutionGuid = {02C88916-7B14-41E8-A4B0-CB291D51A11E}
	EndGlobalSection
EndGlobal
