
Microsoft Visual Studio Solution File, Format Version 12.00
# Visual Studio Version 17
VisualStudioVersion = 17.7.34221.43
MinimumVisualStudioVersion = 10.0.40219.1
Project("{FAE04EC0-301F-11D3-BF4B-00C04F79EFBC}") = "01.TheImitationGame", "01.TheImitationGame\01.TheImitationGame.csproj", "{77007883-EFD9-4E07-BA5A-0C522C5BD3AF}"
EndProject
Project("{FAE04EC0-301F-11D3-BF4B-00C04F79EFBC}") = "02.DestinationMapper", "02.DestinationMapper\02.DestinationMapper.csproj", "{EFD996CB-CCFE-4908-B8C4-9FEC2DEF7F08}"
EndProject
Project("{FAE04EC0-301F-11D3-BF4B-00C04F79EFBC}") = "03.NeedForSpeed3", "03.NeedForSpeed3\03.NeedForSpeed3.csproj", "{FA66976B-8AF5-4985-BAC8-BD19EB92F7BC}"
EndProject
Global
	GlobalSection(SolutionConfigurationPlatforms) = preSolution
		Debug|Any CPU = Debug|Any CPU
		Release|Any CPU = Release|Any CPU
	EndGlobalSection
	GlobalSection(ProjectConfigurationPlatforms) = postSolution
		{77007883-EFD9-4E07-BA5A-0C522C5BD3AF}.Debug|Any CPU.ActiveCfg = Debug|Any CPU
		{77007883-EFD9-4E07-BA5A-0C522C5BD3AF}.Debug|Any CPU.Build.0 = Debug|Any CPU
		{77007883-EFD9-4E07-BA5A-0C522C5BD3AF}.Release|Any CPU.ActiveCfg = Release|Any CPU
		{77007883-EFD9-4E07-BA5A-0C522C5BD3AF}.Release|Any CPU.Build.0 = Release|Any CPU
		{EFD996CB-CCFE-4908-B8C4-9FEC2DEF7F08}.Debug|Any CPU.ActiveCfg = Debug|Any CPU
		{EFD996CB-CCFE-4908-B8C4-9FEC2DEF7F08}.Debug|Any CPU.Build.0 = Debug|Any CPU
		{EFD996CB-CCFE-4908-B8C4-9FEC2DEF7F08}.Release|Any CPU.ActiveCfg = Release|Any CPU
		{EFD996CB-CCFE-4908-B8C4-9FEC2DEF7F08}.Release|Any CPU.Build.0 = Release|Any CPU
		{FA66976B-8AF5-4985-BAC8-BD19EB92F7BC}.Debug|Any CPU.ActiveCfg = Debug|Any CPU
		{FA66976B-8AF5-4985-BAC8-BD19EB92F7BC}.Debug|Any CPU.Build.0 = Debug|Any CPU
		{FA66976B-8AF5-4985-BAC8-BD19EB92F7BC}.Release|Any CPU.ActiveCfg = Release|Any CPU
		{FA66976B-8AF5-4985-BAC8-BD19EB92F7BC}.Release|Any CPU.Build.0 = Release|Any CPU
	EndGlobalSection
	GlobalSection(SolutionProperties) = preSolution
		HideSolutionNode = FALSE
	EndGlobalSection
	GlobalSection(ExtensibilityGlobals) = postSolution
		SolutionGuid = {8D46BDA5-2589-4AB8-B143-EC43490945D7}
	EndGlobalSection
EndGlobal
