
Microsoft Visual Studio Solution File, Format Version 12.00
# Visual Studio Version 17
VisualStudioVersion = 17.7.34221.43
MinimumVisualStudioVersion = 10.0.40219.1
Project("{FAE04EC0-301F-11D3-BF4B-00C04F79EFBC}") = "01", "01\01.csproj", "{45ABB1EE-C06F-4BBE-B10B-17201F4EED0F}"
EndProject
Project("{FAE04EC0-301F-11D3-BF4B-00C04F79EFBC}") = "02", "02\02.csproj", "{FDC478D7-A193-4A2A-8D9F-EC1212DE6010}"
EndProject
Project("{FAE04EC0-301F-11D3-BF4B-00C04F79EFBC}") = "03", "03\03.csproj", "{F2ADA666-0F0C-423B-8D55-727B947D6615}"
EndProject
Project("{FAE04EC0-301F-11D3-BF4B-00C04F79EFBC}") = "04", "04\04.csproj", "{B1471EA6-9C59-4A60-935F-57A526686DE3}"
EndProject
Project("{FAE04EC0-301F-11D3-BF4B-00C04F79EFBC}") = "05", "05\05.csproj", "{8CCBA528-C3E7-460D-A193-5EF99171710E}"
EndProject
Project("{FAE04EC0-301F-11D3-BF4B-00C04F79EFBC}") = "06", "06\06.csproj", "{602A1B84-48A6-4C05-8029-F035FFE1CACF}"
EndProject
Project("{FAE04EC0-301F-11D3-BF4B-00C04F79EFBC}") = "07", "07\07.csproj", "{BA057BC4-75C1-498D-9663-88CFABBAC7B8}"
EndProject
Project("{FAE04EC0-301F-11D3-BF4B-00C04F79EFBC}") = "08", "08\08.csproj", "{094E27A9-2CAC-4F74-9495-D70F482F639F}"
EndProject
Project("{FAE04EC0-301F-11D3-BF4B-00C04F79EFBC}") = "09", "09\09.csproj", "{8F9F5E1F-6C1E-4A5C-B490-A773187E88FF}"
EndProject
Project("{FAE04EC0-301F-11D3-BF4B-00C04F79EFBC}") = "10", "10\10.csproj", "{70779ADE-2F25-4329-9EF0-8DE2BC2BEC67}"
EndProject
Global
	GlobalSection(SolutionConfigurationPlatforms) = preSolution
		Debug|Any CPU = Debug|Any CPU
		Release|Any CPU = Release|Any CPU
	EndGlobalSection
	GlobalSection(ProjectConfigurationPlatforms) = postSolution
		{45ABB1EE-C06F-4BBE-B10B-17201F4EED0F}.Debug|Any CPU.ActiveCfg = Debug|Any CPU
		{45ABB1EE-C06F-4BBE-B10B-17201F4EED0F}.Debug|Any CPU.Build.0 = Debug|Any CPU
		{45ABB1EE-C06F-4BBE-B10B-17201F4EED0F}.Release|Any CPU.ActiveCfg = Release|Any CPU
		{45ABB1EE-C06F-4BBE-B10B-17201F4EED0F}.Release|Any CPU.Build.0 = Release|Any CPU
		{FDC478D7-A193-4A2A-8D9F-EC1212DE6010}.Debug|Any CPU.ActiveCfg = Debug|Any CPU
		{FDC478D7-A193-4A2A-8D9F-EC1212DE6010}.Debug|Any CPU.Build.0 = Debug|Any CPU
		{FDC478D7-A193-4A2A-8D9F-EC1212DE6010}.Release|Any CPU.ActiveCfg = Release|Any CPU
		{FDC478D7-A193-4A2A-8D9F-EC1212DE6010}.Release|Any CPU.Build.0 = Release|Any CPU
		{F2ADA666-0F0C-423B-8D55-727B947D6615}.Debug|Any CPU.ActiveCfg = Debug|Any CPU
		{F2ADA666-0F0C-423B-8D55-727B947D6615}.Debug|Any CPU.Build.0 = Debug|Any CPU
		{F2ADA666-0F0C-423B-8D55-727B947D6615}.Release|Any CPU.ActiveCfg = Release|Any CPU
		{F2ADA666-0F0C-423B-8D55-727B947D6615}.Release|Any CPU.Build.0 = Release|Any CPU
		{B1471EA6-9C59-4A60-935F-57A526686DE3}.Debug|Any CPU.ActiveCfg = Debug|Any CPU
		{B1471EA6-9C59-4A60-935F-57A526686DE3}.Debug|Any CPU.Build.0 = Debug|Any CPU
		{B1471EA6-9C59-4A60-935F-57A526686DE3}.Release|Any CPU.ActiveCfg = Release|Any CPU
		{B1471EA6-9C59-4A60-935F-57A526686DE3}.Release|Any CPU.Build.0 = Release|Any CPU
		{8CCBA528-C3E7-460D-A193-5EF99171710E}.Debug|Any CPU.ActiveCfg = Debug|Any CPU
		{8CCBA528-C3E7-460D-A193-5EF99171710E}.Debug|Any CPU.Build.0 = Debug|Any CPU
		{8CCBA528-C3E7-460D-A193-5EF99171710E}.Release|Any CPU.ActiveCfg = Release|Any CPU
		{8CCBA528-C3E7-460D-A193-5EF99171710E}.Release|Any CPU.Build.0 = Release|Any CPU
		{602A1B84-48A6-4C05-8029-F035FFE1CACF}.Debug|Any CPU.ActiveCfg = Debug|Any CPU
		{602A1B84-48A6-4C05-8029-F035FFE1CACF}.Debug|Any CPU.Build.0 = Debug|Any CPU
		{602A1B84-48A6-4C05-8029-F035FFE1CACF}.Release|Any CPU.ActiveCfg = Release|Any CPU
		{602A1B84-48A6-4C05-8029-F035FFE1CACF}.Release|Any CPU.Build.0 = Release|Any CPU
		{BA057BC4-75C1-498D-9663-88CFABBAC7B8}.Debug|Any CPU.ActiveCfg = Debug|Any CPU
		{BA057BC4-75C1-498D-9663-88CFABBAC7B8}.Debug|Any CPU.Build.0 = Debug|Any CPU
		{BA057BC4-75C1-498D-9663-88CFABBAC7B8}.Release|Any CPU.ActiveCfg = Release|Any CPU
		{BA057BC4-75C1-498D-9663-88CFABBAC7B8}.Release|Any CPU.Build.0 = Release|Any CPU
		{094E27A9-2CAC-4F74-9495-D70F482F639F}.Debug|Any CPU.ActiveCfg = Debug|Any CPU
		{094E27A9-2CAC-4F74-9495-D70F482F639F}.Debug|Any CPU.Build.0 = Debug|Any CPU
		{094E27A9-2CAC-4F74-9495-D70F482F639F}.Release|Any CPU.ActiveCfg = Release|Any CPU
		{094E27A9-2CAC-4F74-9495-D70F482F639F}.Release|Any CPU.Build.0 = Release|Any CPU
		{8F9F5E1F-6C1E-4A5C-B490-A773187E88FF}.Debug|Any CPU.ActiveCfg = Debug|Any CPU
		{8F9F5E1F-6C1E-4A5C-B490-A773187E88FF}.Debug|Any CPU.Build.0 = Debug|Any CPU
		{8F9F5E1F-6C1E-4A5C-B490-A773187E88FF}.Release|Any CPU.ActiveCfg = Release|Any CPU
		{8F9F5E1F-6C1E-4A5C-B490-A773187E88FF}.Release|Any CPU.Build.0 = Release|Any CPU
		{70779ADE-2F25-4329-9EF0-8DE2BC2BEC67}.Debug|Any CPU.ActiveCfg = Debug|Any CPU
		{70779ADE-2F25-4329-9EF0-8DE2BC2BEC67}.Debug|Any CPU.Build.0 = Debug|Any CPU
		{70779ADE-2F25-4329-9EF0-8DE2BC2BEC67}.Release|Any CPU.ActiveCfg = Release|Any CPU
		{70779ADE-2F25-4329-9EF0-8DE2BC2BEC67}.Release|Any CPU.Build.0 = Release|Any CPU
	EndGlobalSection
	GlobalSection(SolutionProperties) = preSolution
		HideSolutionNode = FALSE
	EndGlobalSection
	GlobalSection(ExtensibilityGlobals) = postSolution
		SolutionGuid = {43429104-D3F0-4781-8C7F-A2F1C98B3220}
	EndGlobalSection
EndGlobal
