
Microsoft Visual Studio Solution File, Format Version 12.00
# Visual Studio Version 17
VisualStudioVersion = 17.10.35122.118
MinimumVisualStudioVersion = 10.0.40219.1
Project("{9A19103F-16F7-4668-BE54-9A1E7A4F7556}") = "1.DefineAClassPerson", "1.DefineAClassPerson\1.DefineAClassPerson.csproj", "{CDA12125-D01A-49A5-98DB-2BCDEC369797}"
EndProject
Project("{9A19103F-16F7-4668-BE54-9A1E7A4F7556}") = "3.OldestFamilyMember", "3.OldestFamilyMember\3.OldestFamilyMember.csproj", "{179CD3AD-9675-493C-90C6-931CCD00B5E6}"
EndProject
Project("{9A19103F-16F7-4668-BE54-9A1E7A4F7556}") = "4.OpinionPoll", "4.OpinionPoll\4.OpinionPoll.csproj", "{E753D613-C1BC-4C79-A1DC-A7DED9BC2A61}"
EndProject
Project("{9A19103F-16F7-4668-BE54-9A1E7A4F7556}") = "5.DateModifier", "5.DateModifier\5.DateModifier.csproj", "{68B49C41-A3BE-4A2A-BED6-24FCA0367661}"
EndProject
Project("{FAE04EC0-301F-11D3-BF4B-00C04F79EFBC}") = "8.CarSalesman", "8.CarSalesman\8.CarSalesman.csproj", "{D901E00F-6E1E-4330-B18C-CD8C3ABE0476}"
EndProject
Project("{FAE04EC0-301F-11D3-BF4B-00C04F79EFBC}") = "10.SoftUniParking", "10.SoftUniParking\10.SoftUniParking.csproj", "{3981C520-7B5F-4DD6-8408-040E2C342252}"
EndProject
Global
	GlobalSection(SolutionConfigurationPlatforms) = preSolution
		Debug|Any CPU = Debug|Any CPU
		Release|Any CPU = Release|Any CPU
	EndGlobalSection
	GlobalSection(ProjectConfigurationPlatforms) = postSolution
		{CDA12125-D01A-49A5-98DB-2BCDEC369797}.Debug|Any CPU.ActiveCfg = Debug|Any CPU
		{CDA12125-D01A-49A5-98DB-2BCDEC369797}.Debug|Any CPU.Build.0 = Debug|Any CPU
		{CDA12125-D01A-49A5-98DB-2BCDEC369797}.Release|Any CPU.ActiveCfg = Release|Any CPU
		{CDA12125-D01A-49A5-98DB-2BCDEC369797}.Release|Any CPU.Build.0 = Release|Any CPU
		{179CD3AD-9675-493C-90C6-931CCD00B5E6}.Debug|Any CPU.ActiveCfg = Debug|Any CPU
		{179CD3AD-9675-493C-90C6-931CCD00B5E6}.Debug|Any CPU.Build.0 = Debug|Any CPU
		{179CD3AD-9675-493C-90C6-931CCD00B5E6}.Release|Any CPU.ActiveCfg = Release|Any CPU
		{179CD3AD-9675-493C-90C6-931CCD00B5E6}.Release|Any CPU.Build.0 = Release|Any CPU
		{E753D613-C1BC-4C79-A1DC-A7DED9BC2A61}.Debug|Any CPU.ActiveCfg = Debug|Any CPU
		{E753D613-C1BC-4C79-A1DC-A7DED9BC2A61}.Debug|Any CPU.Build.0 = Debug|Any CPU
		{E753D613-C1BC-4C79-A1DC-A7DED9BC2A61}.Release|Any CPU.ActiveCfg = Release|Any CPU
		{E753D613-C1BC-4C79-A1DC-A7DED9BC2A61}.Release|Any CPU.Build.0 = Release|Any CPU
		{68B49C41-A3BE-4A2A-BED6-24FCA0367661}.Debug|Any CPU.ActiveCfg = Debug|Any CPU
		{68B49C41-A3BE-4A2A-BED6-24FCA0367661}.Debug|Any CPU.Build.0 = Debug|Any CPU
		{68B49C41-A3BE-4A2A-BED6-24FCA0367661}.Release|Any CPU.ActiveCfg = Release|Any CPU
		{68B49C41-A3BE-4A2A-BED6-24FCA0367661}.Release|Any CPU.Build.0 = Release|Any CPU
		{D901E00F-6E1E-4330-B18C-CD8C3ABE0476}.Debug|Any CPU.ActiveCfg = Debug|Any CPU
		{D901E00F-6E1E-4330-B18C-CD8C3ABE0476}.Debug|Any CPU.Build.0 = Debug|Any CPU
		{D901E00F-6E1E-4330-B18C-CD8C3ABE0476}.Release|Any CPU.ActiveCfg = Release|Any CPU
		{D901E00F-6E1E-4330-B18C-CD8C3ABE0476}.Release|Any CPU.Build.0 = Release|Any CPU
		{3981C520-7B5F-4DD6-8408-040E2C342252}.Debug|Any CPU.ActiveCfg = Debug|Any CPU
		{3981C520-7B5F-4DD6-8408-040E2C342252}.Debug|Any CPU.Build.0 = Debug|Any CPU
		{3981C520-7B5F-4DD6-8408-040E2C342252}.Release|Any CPU.ActiveCfg = Release|Any CPU
		{3981C520-7B5F-4DD6-8408-040E2C342252}.Release|Any CPU.Build.0 = Release|Any CPU
	EndGlobalSection
	GlobalSection(SolutionProperties) = preSolution
		HideSolutionNode = FALSE
	EndGlobalSection
	GlobalSection(ExtensibilityGlobals) = postSolution
		SolutionGuid = {9C186F22-B1D9-490E-BB0D-6A74D11A5B9E}
	EndGlobalSection
EndGlobal
