
Microsoft Visual Studio Solution File, Format Version 12.00
# Visual Studio Version 17
VisualStudioVersion = 17.10.35122.118
MinimumVisualStudioVersion = 10.0.40219.1
Project("{9A19103F-16F7-4668-BE54-9A1E7A4F7556}") = "ConsoleApp1", "ConsoleApp1\ConsoleApp1.csproj", "{339CA48C-EADB-4532-9C76-D8C1A917DB32}"
EndProject
Project("{9A19103F-16F7-4668-BE54-9A1E7A4F7556}") = "TestProject1", "TestProject1\TestProject1.csproj", "{0EF43C1E-BAD5-4CC9-99F4-292A19E15BA2}"
EndProject
Project("{9A19103F-16F7-4668-BE54-9A1E7A4F7556}") = "Skeleton", "Skeleton\Skeleton.csproj", "{E4A95E32-88DE-4991-AE0C-014E5B2BD2C3}"
EndProject
Project("{9A19103F-16F7-4668-BE54-9A1E7A4F7556}") = "Skeleton.Tests", "Skeleton.Tests\Skeleton.Tests.csproj", "{9937336F-AA4E-4B3F-B897-B8631BD18994}"
EndProject
Global
	GlobalSection(SolutionConfigurationPlatforms) = preSolution
		Debug|Any CPU = Debug|Any CPU
		Release|Any CPU = Release|Any CPU
	EndGlobalSection
	GlobalSection(ProjectConfigurationPlatforms) = postSolution
		{339CA48C-EADB-4532-9C76-D8C1A917DB32}.Debug|Any CPU.ActiveCfg = Debug|Any CPU
		{339CA48C-EADB-4532-9C76-D8C1A917DB32}.Debug|Any CPU.Build.0 = Debug|Any CPU
		{339CA48C-EADB-4532-9C76-D8C1A917DB32}.Release|Any CPU.ActiveCfg = Release|Any CPU
		{339CA48C-EADB-4532-9C76-D8C1A917DB32}.Release|Any CPU.Build.0 = Release|Any CPU
		{0EF43C1E-BAD5-4CC9-99F4-292A19E15BA2}.Debug|Any CPU.ActiveCfg = Debug|Any CPU
		{0EF43C1E-BAD5-4CC9-99F4-292A19E15BA2}.Debug|Any CPU.Build.0 = Debug|Any CPU
		{0EF43C1E-BAD5-4CC9-99F4-292A19E15BA2}.Release|Any CPU.ActiveCfg = Release|Any CPU
		{0EF43C1E-BAD5-4CC9-99F4-292A19E15BA2}.Release|Any CPU.Build.0 = Release|Any CPU
		{E4A95E32-88DE-4991-AE0C-014E5B2BD2C3}.Debug|Any CPU.ActiveCfg = Debug|Any CPU
		{E4A95E32-88DE-4991-AE0C-014E5B2BD2C3}.Debug|Any CPU.Build.0 = Debug|Any CPU
		{E4A95E32-88DE-4991-AE0C-014E5B2BD2C3}.Release|Any CPU.ActiveCfg = Release|Any CPU
		{E4A95E32-88DE-4991-AE0C-014E5B2BD2C3}.Release|Any CPU.Build.0 = Release|Any CPU
		{9937336F-AA4E-4B3F-B897-B8631BD18994}.Debug|Any CPU.ActiveCfg = Debug|Any CPU
		{9937336F-AA4E-4B3F-B897-B8631BD18994}.Debug|Any CPU.Build.0 = Debug|Any CPU
		{9937336F-AA4E-4B3F-B897-B8631BD18994}.Release|Any CPU.ActiveCfg = Release|Any CPU
		{9937336F-AA4E-4B3F-B897-B8631BD18994}.Release|Any CPU.Build.0 = Release|Any CPU
	EndGlobalSection
	GlobalSection(SolutionProperties) = preSolution
		HideSolutionNode = FALSE
	EndGlobalSection
	GlobalSection(ExtensibilityGlobals) = postSolution
		SolutionGuid = {1F346D41-B141-4E19-BD8B-F193849084B8}
	EndGlobalSection
EndGlobal
