
Microsoft Visual Studio Solution File, Format Version 12.00
# Visual Studio Version 17
VisualStudioVersion = 17.10.35122.118
MinimumVisualStudioVersion = 10.0.40219.1
Project("{FAE04EC0-301F-11D3-BF4B-00C04F79EFBC}") = "1.RecursiveArraySum", "1.RecursiveArraySum\1.RecursiveArraySum.csproj", "{F569B816-DF8A-4568-9956-0AF2C81F1EDE}"
EndProject
Project("{FAE04EC0-301F-11D3-BF4B-00C04F79EFBC}") = "2.RecursiveFactorial", "2.RecursiveFactorial\2.RecursiveFactorial.csproj", "{B1459684-64C3-4EBF-85F8-53C8DAF02AE9}"
EndProject
Global
	GlobalSection(SolutionConfigurationPlatforms) = preSolution
		Debug|Any CPU = Debug|Any CPU
		Release|Any CPU = Release|Any CPU
	EndGlobalSection
	GlobalSection(ProjectConfigurationPlatforms) = postSolution
		{F569B816-DF8A-4568-9956-0AF2C81F1EDE}.Debug|Any CPU.ActiveCfg = Debug|Any CPU
		{F569B816-DF8A-4568-9956-0AF2C81F1EDE}.Debug|Any CPU.Build.0 = Debug|Any CPU
		{F569B816-DF8A-4568-9956-0AF2C81F1EDE}.Release|Any CPU.ActiveCfg = Release|Any CPU
		{F569B816-DF8A-4568-9956-0AF2C81F1EDE}.Release|Any CPU.Build.0 = Release|Any CPU
		{B1459684-64C3-4EBF-85F8-53C8DAF02AE9}.Debug|Any CPU.ActiveCfg = Debug|Any CPU
		{B1459684-64C3-4EBF-85F8-53C8DAF02AE9}.Debug|Any CPU.Build.0 = Debug|Any CPU
		{B1459684-64C3-4EBF-85F8-53C8DAF02AE9}.Release|Any CPU.ActiveCfg = Release|Any CPU
		{B1459684-64C3-4EBF-85F8-53C8DAF02AE9}.Release|Any CPU.Build.0 = Release|Any CPU
	EndGlobalSection
	GlobalSection(SolutionProperties) = preSolution
		HideSolutionNode = FALSE
	EndGlobalSection
	GlobalSection(ExtensibilityGlobals) = postSolution
		SolutionGuid = {20A513DA-9646-416E-9990-28BF161A37C8}
	EndGlobalSection
EndGlobal
