
Microsoft Visual Studio Solution File, Format Version 12.00
# Visual Studio Version 17
VisualStudioVersion = 17.10.35122.118
MinimumVisualStudioVersion = 10.0.40219.1
Project("{9A19103F-16F7-4668-BE54-9A1E7A4F7556}") = "Stealer", "Stealer\Stealer.csproj", "{19B3E907-785D-43EB-A4BB-9971674522C4}"
EndProject
Project("{FAE04EC0-301F-11D3-BF4B-00C04F79EFBC}") = "AuthorProblem", "AuthorProblem\AuthorProblem.csproj", "{13350EE0-1747-48B5-8DB6-630550C7C5C5}"
EndProject
Global
	GlobalSection(SolutionConfigurationPlatforms) = preSolution
		Debug|Any CPU = Debug|Any CPU
		Release|Any CPU = Release|Any CPU
	EndGlobalSection
	GlobalSection(ProjectConfigurationPlatforms) = postSolution
		{19B3E907-785D-43EB-A4BB-9971674522C4}.Debug|Any CPU.ActiveCfg = Debug|Any CPU
		{19B3E907-785D-43EB-A4BB-9971674522C4}.Debug|Any CPU.Build.0 = Debug|Any CPU
		{19B3E907-785D-43EB-A4BB-9971674522C4}.Release|Any CPU.ActiveCfg = Release|Any CPU
		{19B3E907-785D-43EB-A4BB-9971674522C4}.Release|Any CPU.Build.0 = Release|Any CPU
		{13350EE0-1747-48B5-8DB6-630550C7C5C5}.Debug|Any CPU.ActiveCfg = Debug|Any CPU
		{13350EE0-1747-48B5-8DB6-630550C7C5C5}.Debug|Any CPU.Build.0 = Debug|Any CPU
		{13350EE0-1747-48B5-8DB6-630550C7C5C5}.Release|Any CPU.ActiveCfg = Release|Any CPU
		{13350EE0-1747-48B5-8DB6-630550C7C5C5}.Release|Any CPU.Build.0 = Release|Any CPU
	EndGlobalSection
	GlobalSection(SolutionProperties) = preSolution
		HideSolutionNode = FALSE
	EndGlobalSection
	GlobalSection(ExtensibilityGlobals) = postSolution
		SolutionGuid = {6C271A71-F1A0-4AC8-80B6-C263603B1E46}
	EndGlobalSection
EndGlobal
