
Microsoft Visual Studio Solution File, Format Version 12.00
# Visual Studio Version 17
VisualStudioVersion = 17.10.35122.118
MinimumVisualStudioVersion = 10.0.40219.1
Project("{FAE04EC0-301F-11D3-BF4B-00C04F79EFBC}") = "1.ActionPrint", "1.ActionPrint\1.ActionPrint.csproj", "{46D5EE7D-AE62-4487-9767-D5F005EF0935}"
EndProject
Project("{FAE04EC0-301F-11D3-BF4B-00C04F79EFBC}") = "2.KnightsOfHonor", "2.KnightsOfHonor\2.KnightsOfHonor.csproj", "{AEF401B6-E14B-41E6-BFD2-47485B714929}"
EndProject
Project("{FAE04EC0-301F-11D3-BF4B-00C04F79EFBC}") = "3.CustomMinFunction", "3.CustomMinFunction\3.CustomMinFunction.csproj", "{1DE6AAF6-8591-42EB-A079-7DBBEF749873}"
EndProject
Project("{FAE04EC0-301F-11D3-BF4B-00C04F79EFBC}") = "4.FindEvenOrOdds", "4.FindEvenOrOdds\4.FindEvenOrOdds.csproj", "{F5C5BF9A-26BF-4C02-B05C-25810A80EE83}"
EndProject
Project("{FAE04EC0-301F-11D3-BF4B-00C04F79EFBC}") = "5.AppliedArithmetics", "5.AppliedArithmetics\5.AppliedArithmetics.csproj", "{F934BC68-3DBA-4549-9FA3-EBA0EC23DD65}"
EndProject
Global
	GlobalSection(SolutionConfigurationPlatforms) = preSolution
		Debug|Any CPU = Debug|Any CPU
		Release|Any CPU = Release|Any CPU
	EndGlobalSection
	GlobalSection(ProjectConfigurationPlatforms) = postSolution
		{46D5EE7D-AE62-4487-9767-D5F005EF0935}.Debug|Any CPU.ActiveCfg = Debug|Any CPU
		{46D5EE7D-AE62-4487-9767-D5F005EF0935}.Debug|Any CPU.Build.0 = Debug|Any CPU
		{46D5EE7D-AE62-4487-9767-D5F005EF0935}.Release|Any CPU.ActiveCfg = Release|Any CPU
		{46D5EE7D-AE62-4487-9767-D5F005EF0935}.Release|Any CPU.Build.0 = Release|Any CPU
		{AEF401B6-E14B-41E6-BFD2-47485B714929}.Debug|Any CPU.ActiveCfg = Debug|Any CPU
		{AEF401B6-E14B-41E6-BFD2-47485B714929}.Debug|Any CPU.Build.0 = Debug|Any CPU
		{AEF401B6-E14B-41E6-BFD2-47485B714929}.Release|Any CPU.ActiveCfg = Release|Any CPU
		{AEF401B6-E14B-41E6-BFD2-47485B714929}.Release|Any CPU.Build.0 = Release|Any CPU
		{1DE6AAF6-8591-42EB-A079-7DBBEF749873}.Debug|Any CPU.ActiveCfg = Debug|Any CPU
		{1DE6AAF6-8591-42EB-A079-7DBBEF749873}.Debug|Any CPU.Build.0 = Debug|Any CPU
		{1DE6AAF6-8591-42EB-A079-7DBBEF749873}.Release|Any CPU.ActiveCfg = Release|Any CPU
		{1DE6AAF6-8591-42EB-A079-7DBBEF749873}.Release|Any CPU.Build.0 = Release|Any CPU
		{F5C5BF9A-26BF-4C02-B05C-25810A80EE83}.Debug|Any CPU.ActiveCfg = Debug|Any CPU
		{F5C5BF9A-26BF-4C02-B05C-25810A80EE83}.Debug|Any CPU.Build.0 = Debug|Any CPU
		{F5C5BF9A-26BF-4C02-B05C-25810A80EE83}.Release|Any CPU.ActiveCfg = Release|Any CPU
		{F5C5BF9A-26BF-4C02-B05C-25810A80EE83}.Release|Any CPU.Build.0 = Release|Any CPU
		{F934BC68-3DBA-4549-9FA3-EBA0EC23DD65}.Debug|Any CPU.ActiveCfg = Debug|Any CPU
		{F934BC68-3DBA-4549-9FA3-EBA0EC23DD65}.Debug|Any CPU.Build.0 = Debug|Any CPU
		{F934BC68-3DBA-4549-9FA3-EBA0EC23DD65}.Release|Any CPU.ActiveCfg = Release|Any CPU
		{F934BC68-3DBA-4549-9FA3-EBA0EC23DD65}.Release|Any CPU.Build.0 = Release|Any CPU
	EndGlobalSection
	GlobalSection(SolutionProperties) = preSolution
		HideSolutionNode = FALSE
	EndGlobalSection
	GlobalSection(ExtensibilityGlobals) = postSolution
		SolutionGuid = {4A8221A9-B596-45D5-9EC8-C3A3EEEBCFFC}
	EndGlobalSection
EndGlobal
