
Microsoft Visual Studio Solution File, Format Version 12.00
# Visual Studio Version 17
VisualStudioVersion = 17.10.35122.118
MinimumVisualStudioVersion = 10.0.40219.1
Project("{9A19103F-16F7-4668-BE54-9A1E7A4F7556}") = "CarDealership", "CarDealership\CarDealership.csproj", "{498519E3-177E-4743-BC46-77A8AF03D056}"
EndProject
Project("{9A19103F-16F7-4668-BE54-9A1E7A4F7556}") = "AutoTrade", "AutoTrade\AutoTrade.csproj", "{A729EE34-8DF3-4D4A-8BD7-F5859D0D70B9}"
EndProject
Project("{9A19103F-16F7-4668-BE54-9A1E7A4F7556}") = "AutoTrade.Tests", "AutoTrade.Tests\AutoTrade.Tests.csproj", "{FF5FFE27-D831-40FC-8C0B-23651007DBE2}"
EndProject
Global
	GlobalSection(SolutionConfigurationPlatforms) = preSolution
		Debug|Any CPU = Debug|Any CPU
		Release|Any CPU = Release|Any CPU
	EndGlobalSection
	GlobalSection(ProjectConfigurationPlatforms) = postSolution
		{498519E3-177E-4743-BC46-77A8AF03D056}.Debug|Any CPU.ActiveCfg = Debug|Any CPU
		{498519E3-177E-4743-BC46-77A8AF03D056}.Debug|Any CPU.Build.0 = Debug|Any CPU
		{498519E3-177E-4743-BC46-77A8AF03D056}.Release|Any CPU.ActiveCfg = Release|Any CPU
		{498519E3-177E-4743-BC46-77A8AF03D056}.Release|Any CPU.Build.0 = Release|Any CPU
		{A729EE34-8DF3-4D4A-8BD7-F5859D0D70B9}.Debug|Any CPU.ActiveCfg = Debug|Any CPU
		{A729EE34-8DF3-4D4A-8BD7-F5859D0D70B9}.Debug|Any CPU.Build.0 = Debug|Any CPU
		{A729EE34-8DF3-4D4A-8BD7-F5859D0D70B9}.Release|Any CPU.ActiveCfg = Release|Any CPU
		{A729EE34-8DF3-4D4A-8BD7-F5859D0D70B9}.Release|Any CPU.Build.0 = Release|Any CPU
		{FF5FFE27-D831-40FC-8C0B-23651007DBE2}.Debug|Any CPU.ActiveCfg = Debug|Any CPU
		{FF5FFE27-D831-40FC-8C0B-23651007DBE2}.Debug|Any CPU.Build.0 = Debug|Any CPU
		{FF5FFE27-D831-40FC-8C0B-23651007DBE2}.Release|Any CPU.ActiveCfg = Release|Any CPU
		{FF5FFE27-D831-40FC-8C0B-23651007DBE2}.Release|Any CPU.Build.0 = Release|Any CPU
	EndGlobalSection
	GlobalSection(SolutionProperties) = preSolution
		HideSolutionNode = FALSE
	EndGlobalSection
	GlobalSection(ExtensibilityGlobals) = postSolution
		SolutionGuid = {663C930A-72E2-4FA8-8C29-FC4F3D18AB95}
	EndGlobalSection
EndGlobal
