
Microsoft Visual Studio Solution File, Format Version 12.00
# Visual Studio Version 17
VisualStudioVersion = 17.10.35122.118
MinimumVisualStudioVersion = 10.0.40219.1
Project("{FAE04EC0-301F-11D3-BF4B-00C04F79EFBC}") = "1.GenericBoxOfString", "1.GenericBoxOfString\1.GenericBoxOfString.csproj", "{3DAA7054-C7A3-423D-AACE-0D7381CA2A14}"
EndProject
Project("{FAE04EC0-301F-11D3-BF4B-00C04F79EFBC}") = "2.GenericBoxOfInteger", "2.GenericBoxOfInteger\2.GenericBoxOfInteger.csproj", "{570F7DF9-6270-4682-8BBF-33F137FE4FA7}"
EndProject
Project("{FAE04EC0-301F-11D3-BF4B-00C04F79EFBC}") = "3.GenericSwapMethodStrings", "3.GenericSwapMethodStrings\3.GenericSwapMethodStrings.csproj", "{E9A571B9-B1B2-4543-AA77-6AB0C95C4CDB}"
EndProject
Project("{FAE04EC0-301F-11D3-BF4B-00C04F79EFBC}") = "GenericCountMethodStrings", "GenericCountMethodStrings\GenericCountMethodStrings.csproj", "{1D4DCCF2-8B08-4EE4-A9B0-9B70667CC0A8}"
EndProject
Project("{FAE04EC0-301F-11D3-BF4B-00C04F79EFBC}") = "Tuple", "Tuple\Tuple.csproj", "{E0B251F3-F723-42FD-BD73-CF1BE872A260}"
EndProject
Global
	GlobalSection(SolutionConfigurationPlatforms) = preSolution
		Debug|Any CPU = Debug|Any CPU
		Release|Any CPU = Release|Any CPU
	EndGlobalSection
	GlobalSection(ProjectConfigurationPlatforms) = postSolution
		{3DAA7054-C7A3-423D-AACE-0D7381CA2A14}.Debug|Any CPU.ActiveCfg = Debug|Any CPU
		{3DAA7054-C7A3-423D-AACE-0D7381CA2A14}.Debug|Any CPU.Build.0 = Debug|Any CPU
		{3DAA7054-C7A3-423D-AACE-0D7381CA2A14}.Release|Any CPU.ActiveCfg = Release|Any CPU
		{3DAA7054-C7A3-423D-AACE-0D7381CA2A14}.Release|Any CPU.Build.0 = Release|Any CPU
		{570F7DF9-6270-4682-8BBF-33F137FE4FA7}.Debug|Any CPU.ActiveCfg = Debug|Any CPU
		{570F7DF9-6270-4682-8BBF-33F137FE4FA7}.Debug|Any CPU.Build.0 = Debug|Any CPU
		{570F7DF9-6270-4682-8BBF-33F137FE4FA7}.Release|Any CPU.ActiveCfg = Release|Any CPU
		{570F7DF9-6270-4682-8BBF-33F137FE4FA7}.Release|Any CPU.Build.0 = Release|Any CPU
		{E9A571B9-B1B2-4543-AA77-6AB0C95C4CDB}.Debug|Any CPU.ActiveCfg = Debug|Any CPU
		{E9A571B9-B1B2-4543-AA77-6AB0C95C4CDB}.Debug|Any CPU.Build.0 = Debug|Any CPU
		{E9A571B9-B1B2-4543-AA77-6AB0C95C4CDB}.Release|Any CPU.ActiveCfg = Release|Any CPU
		{E9A571B9-B1B2-4543-AA77-6AB0C95C4CDB}.Release|Any CPU.Build.0 = Release|Any CPU
		{1D4DCCF2-8B08-4EE4-A9B0-9B70667CC0A8}.Debug|Any CPU.ActiveCfg = Debug|Any CPU
		{1D4DCCF2-8B08-4EE4-A9B0-9B70667CC0A8}.Debug|Any CPU.Build.0 = Debug|Any CPU
		{1D4DCCF2-8B08-4EE4-A9B0-9B70667CC0A8}.Release|Any CPU.ActiveCfg = Release|Any CPU
		{1D4DCCF2-8B08-4EE4-A9B0-9B70667CC0A8}.Release|Any CPU.Build.0 = Release|Any CPU
		{E0B251F3-F723-42FD-BD73-CF1BE872A260}.Debug|Any CPU.ActiveCfg = Debug|Any CPU
		{E0B251F3-F723-42FD-BD73-CF1BE872A260}.Debug|Any CPU.Build.0 = Debug|Any CPU
		{E0B251F3-F723-42FD-BD73-CF1BE872A260}.Release|Any CPU.ActiveCfg = Release|Any CPU
		{E0B251F3-F723-42FD-BD73-CF1BE872A260}.Release|Any CPU.Build.0 = Release|Any CPU
	EndGlobalSection
	GlobalSection(SolutionProperties) = preSolution
		HideSolutionNode = FALSE
	EndGlobalSection
	GlobalSection(ExtensibilityGlobals) = postSolution
		SolutionGuid = {B35EED8E-6162-4271-BBD4-CDB0D6561C05}
	EndGlobalSection
EndGlobal
