
Microsoft Visual Studio Solution File, Format Version 12.00
# Visual Studio Version 17
VisualStudioVersion = 17.10.35122.118
MinimumVisualStudioVersion = 10.0.40219.1
Project("{9A19103F-16F7-4668-BE54-9A1E7A4F7556}") = "BlackFriday", "BlackFriday\BlackFriday.csproj", "{7E6F4917-2D08-4D08-AEDD-C731EB8CF712}"
EndProject
Project("{9A19103F-16F7-4668-BE54-9A1E7A4F7556}") = "NetTraderSystem", "NetTraderSystem\NetTraderSystem.csproj", "{A6AB3149-EDEC-4B7B-9EC8-B3F016957A9B}"
EndProject
Project("{9A19103F-16F7-4668-BE54-9A1E7A4F7556}") = "NetTraderSystem.Tests", "NetTraderSystem.Tests\NetTraderSystem.Tests.csproj", "{B0F1DEA2-AF2A-4441-BE3B-1AA7C8039F48}"
EndProject
Global
	GlobalSection(SolutionConfigurationPlatforms) = preSolution
		Debug|Any CPU = Debug|Any CPU
		Release|Any CPU = Release|Any CPU
	EndGlobalSection
	GlobalSection(ProjectConfigurationPlatforms) = postSolution
		{7E6F4917-2D08-4D08-AEDD-C731EB8CF712}.Debug|Any CPU.ActiveCfg = Debug|Any CPU
		{7E6F4917-2D08-4D08-AEDD-C731EB8CF712}.Debug|Any CPU.Build.0 = Debug|Any CPU
		{7E6F4917-2D08-4D08-AEDD-C731EB8CF712}.Release|Any CPU.ActiveCfg = Release|Any CPU
		{7E6F4917-2D08-4D08-AEDD-C731EB8CF712}.Release|Any CPU.Build.0 = Release|Any CPU
		{A6AB3149-EDEC-4B7B-9EC8-B3F016957A9B}.Debug|Any CPU.ActiveCfg = Debug|Any CPU
		{A6AB3149-EDEC-4B7B-9EC8-B3F016957A9B}.Debug|Any CPU.Build.0 = Debug|Any CPU
		{A6AB3149-EDEC-4B7B-9EC8-B3F016957A9B}.Release|Any CPU.ActiveCfg = Release|Any CPU
		{A6AB3149-EDEC-4B7B-9EC8-B3F016957A9B}.Release|Any CPU.Build.0 = Release|Any CPU
		{B0F1DEA2-AF2A-4441-BE3B-1AA7C8039F48}.Debug|Any CPU.ActiveCfg = Debug|Any CPU
		{B0F1DEA2-AF2A-4441-BE3B-1AA7C8039F48}.Debug|Any CPU.Build.0 = Debug|Any CPU
		{B0F1DEA2-AF2A-4441-BE3B-1AA7C8039F48}.Release|Any CPU.ActiveCfg = Release|Any CPU
		{B0F1DEA2-AF2A-4441-BE3B-1AA7C8039F48}.Release|Any CPU.Build.0 = Release|Any CPU
	EndGlobalSection
	GlobalSection(SolutionProperties) = preSolution
		HideSolutionNode = FALSE
	EndGlobalSection
	GlobalSection(ExtensibilityGlobals) = postSolution
		SolutionGuid = {F05772D3-D7A3-4F66-82E3-AB9C26B28F68}
	EndGlobalSection
EndGlobal
