
Microsoft Visual Studio Solution File, Format Version 12.00
# Visual Studio Version 17
VisualStudioVersion = 17.7.34221.43
MinimumVisualStudioVersion = 10.0.40219.1
Project("{9A19103F-16F7-4668-BE54-9A1E7A4F7556}") = "01.Computer Store", "01.Computer Store\01.Computer Store.csproj", "{E8D41641-C97D-46A8-B868-0708D7F013A1}"
EndProject
Project("{9A19103F-16F7-4668-BE54-9A1E7A4F7556}") = "02.TheLift", "02.TheLift\02.TheLift.csproj", "{ADE19710-FA06-43AE-8880-C6EB2AEE5721}"
EndProject
Project("{9A19103F-16F7-4668-BE54-9A1E7A4F7556}") = "03.MovingTarget", "03.MovingTarget\03.MovingTarget.csproj", "{61461121-E748-4E53-8793-AE52C6C2BCCC}"
EndProject
Project("{9A19103F-16F7-4668-BE54-9A1E7A4F7556}") = "01.SoftUniReception", "01.SoftUniReception\01.SoftUniReception.csproj", "{817C2232-353F-4E14-AACB-618B1580A19B}"
EndProject
Project("{9A19103F-16F7-4668-BE54-9A1E7A4F7556}") = "02.ArrayModifier", "02.ArrayModifier\02.ArrayModifier.csproj", "{182DA622-8E90-4C07-B04E-42CF439FDB34}"
EndProject
Project("{9A19103F-16F7-4668-BE54-9A1E7A4F7556}") = "03.ManOWar", "03.ManOWar\03.ManOWar.csproj", "{0D8F23CD-2C8D-48CE-A898-AB3340510918}"
EndProject
Project("{FAE04EC0-301F-11D3-BF4B-00C04F79EFBC}") = "01.GuineaPig", "01.GuineaPig\01.GuineaPig.csproj", "{14FC84A0-1A46-44A0-8DA7-90CCDE4C6F3B}"
EndProject
Project("{FAE04EC0-301F-11D3-BF4B-00C04F79EFBC}") = "02.ShoppingList", "02.ShoppingList\02.ShoppingList.csproj", "{E337C60C-592D-42B2-A35B-AEFAAA3623AF}"
EndProject
Project("{FAE04EC0-301F-11D3-BF4B-00C04F79EFBC}") = "03.HeartDelivery", "03.HeartDelivery\03.HeartDelivery.csproj", "{F6B17AC6-FF84-488E-9C69-9DDE61BAF324}"
EndProject
Project("{FAE04EC0-301F-11D3-BF4B-00C04F79EFBC}") = "01.BonusScoringSystem", "01.BonusScoringSystem\01.BonusScoringSystem.csproj", "{B84706F1-4889-4347-9229-F83764BE57AC}"
EndProject
Project("{FAE04EC0-301F-11D3-BF4B-00C04F79EFBC}") = "02.MuOnline", "02.MuOnline\02.MuOnline.csproj", "{7EAAFA31-5662-42D3-A5C0-55D4CD5C2ACC}"
EndProject
Global
	GlobalSection(SolutionConfigurationPlatforms) = preSolution
		Debug|Any CPU = Debug|Any CPU
		Release|Any CPU = Release|Any CPU
	EndGlobalSection
	GlobalSection(ProjectConfigurationPlatforms) = postSolution
		{E8D41641-C97D-46A8-B868-0708D7F013A1}.Debug|Any CPU.ActiveCfg = Debug|Any CPU
		{E8D41641-C97D-46A8-B868-0708D7F013A1}.Debug|Any CPU.Build.0 = Debug|Any CPU
		{E8D41641-C97D-46A8-B868-0708D7F013A1}.Release|Any CPU.ActiveCfg = Release|Any CPU
		{E8D41641-C97D-46A8-B868-0708D7F013A1}.Release|Any CPU.Build.0 = Release|Any CPU
		{ADE19710-FA06-43AE-8880-C6EB2AEE5721}.Debug|Any CPU.ActiveCfg = Debug|Any CPU
		{ADE19710-FA06-43AE-8880-C6EB2AEE5721}.Debug|Any CPU.Build.0 = Debug|Any CPU
		{ADE19710-FA06-43AE-8880-C6EB2AEE5721}.Release|Any CPU.ActiveCfg = Release|Any CPU
		{ADE19710-FA06-43AE-8880-C6EB2AEE5721}.Release|Any CPU.Build.0 = Release|Any CPU
		{61461121-E748-4E53-8793-AE52C6C2BCCC}.Debug|Any CPU.ActiveCfg = Debug|Any CPU
		{61461121-E748-4E53-8793-AE52C6C2BCCC}.Debug|Any CPU.Build.0 = Debug|Any CPU
		{61461121-E748-4E53-8793-AE52C6C2BCCC}.Release|Any CPU.ActiveCfg = Release|Any CPU
		{61461121-E748-4E53-8793-AE52C6C2BCCC}.Release|Any CPU.Build.0 = Release|Any CPU
		{817C2232-353F-4E14-AACB-618B1580A19B}.Debug|Any CPU.ActiveCfg = Debug|Any CPU
		{817C2232-353F-4E14-AACB-618B1580A19B}.Debug|Any CPU.Build.0 = Debug|Any CPU
		{817C2232-353F-4E14-AACB-618B1580A19B}.Release|Any CPU.ActiveCfg = Release|Any CPU
		{817C2232-353F-4E14-AACB-618B1580A19B}.Release|Any CPU.Build.0 = Release|Any CPU
		{182DA622-8E90-4C07-B04E-42CF439FDB34}.Debug|Any CPU.ActiveCfg = Debug|Any CPU
		{182DA622-8E90-4C07-B04E-42CF439FDB34}.Debug|Any CPU.Build.0 = Debug|Any CPU
		{182DA622-8E90-4C07-B04E-42CF439FDB34}.Release|Any CPU.ActiveCfg = Release|Any CPU
		{182DA622-8E90-4C07-B04E-42CF439FDB34}.Release|Any CPU.Build.0 = Release|Any CPU
		{0D8F23CD-2C8D-48CE-A898-AB3340510918}.Debug|Any CPU.ActiveCfg = Debug|Any CPU
		{0D8F23CD-2C8D-48CE-A898-AB3340510918}.Debug|Any CPU.Build.0 = Debug|Any CPU
		{0D8F23CD-2C8D-48CE-A898-AB3340510918}.Release|Any CPU.ActiveCfg = Release|Any CPU
		{0D8F23CD-2C8D-48CE-A898-AB3340510918}.Release|Any CPU.Build.0 = Release|Any CPU
		{14FC84A0-1A46-44A0-8DA7-90CCDE4C6F3B}.Debug|Any CPU.ActiveCfg = Debug|Any CPU
		{14FC84A0-1A46-44A0-8DA7-90CCDE4C6F3B}.Debug|Any CPU.Build.0 = Debug|Any CPU
		{14FC84A0-1A46-44A0-8DA7-90CCDE4C6F3B}.Release|Any CPU.ActiveCfg = Release|Any CPU
		{14FC84A0-1A46-44A0-8DA7-90CCDE4C6F3B}.Release|Any CPU.Build.0 = Release|Any CPU
		{E337C60C-592D-42B2-A35B-AEFAAA3623AF}.Debug|Any CPU.ActiveCfg = Debug|Any CPU
		{E337C60C-592D-42B2-A35B-AEFAAA3623AF}.Debug|Any CPU.Build.0 = Debug|Any CPU
		{E337C60C-592D-42B2-A35B-AEFAAA3623AF}.Release|Any CPU.ActiveCfg = Release|Any CPU
		{E337C60C-592D-42B2-A35B-AEFAAA3623AF}.Release|Any CPU.Build.0 = Release|Any CPU
		{F6B17AC6-FF84-488E-9C69-9DDE61BAF324}.Debug|Any CPU.ActiveCfg = Debug|Any CPU
		{F6B17AC6-FF84-488E-9C69-9DDE61BAF324}.Debug|Any CPU.Build.0 = Debug|Any CPU
		{F6B17AC6-FF84-488E-9C69-9DDE61BAF324}.Release|Any CPU.ActiveCfg = Release|Any CPU
		{F6B17AC6-FF84-488E-9C69-9DDE61BAF324}.Release|Any CPU.Build.0 = Release|Any CPU
		{B84706F1-4889-4347-9229-F83764BE57AC}.Debug|Any CPU.ActiveCfg = Debug|Any CPU
		{B84706F1-4889-4347-9229-F83764BE57AC}.Debug|Any CPU.Build.0 = Debug|Any CPU
		{B84706F1-4889-4347-9229-F83764BE57AC}.Release|Any CPU.ActiveCfg = Release|Any CPU
		{B84706F1-4889-4347-9229-F83764BE57AC}.Release|Any CPU.Build.0 = Release|Any CPU
		{7EAAFA31-5662-42D3-A5C0-55D4CD5C2ACC}.Debug|Any CPU.ActiveCfg = Debug|Any CPU
		{7EAAFA31-5662-42D3-A5C0-55D4CD5C2ACC}.Debug|Any CPU.Build.0 = Debug|Any CPU
		{7EAAFA31-5662-42D3-A5C0-55D4CD5C2ACC}.Release|Any CPU.ActiveCfg = Release|Any CPU
		{7EAAFA31-5662-42D3-A5C0-55D4CD5C2ACC}.Release|Any CPU.Build.0 = Release|Any CPU
	EndGlobalSection
	GlobalSection(SolutionProperties) = preSolution
		HideSolutionNode = FALSE
	EndGlobalSection
	GlobalSection(ExtensibilityGlobals) = postSolution
		SolutionGuid = {D7D0D04C-3426-41C3-9F54-588A25119B76}
	EndGlobalSection
EndGlobal
