
Microsoft Visual Studio Solution File, Format Version 12.00
# Visual Studio Version 17
VisualStudioVersion = 17.7.34221.43
MinimumVisualStudioVersion = 10.0.40219.1
Project("{FAE04EC0-301F-11D3-BF4B-00C04F79EFBC}") = "01.Black Flag", "Problem1–Black Flag\01.Black Flag.csproj", "{CC397253-22E2-4262-B9F1-6045CF0216E4}"
EndProject
Project("{FAE04EC0-301F-11D3-BF4B-00C04F79EFBC}") = "02.ShootForTheWin", "02.ShootForTheWin\02.ShootForTheWin.csproj", "{96EF49C2-D2C9-46E0-94B3-A6EF46624A26}"
EndProject
Project("{FAE04EC0-301F-11D3-BF4B-00C04F79EFBC}") = "03.Numbers", "03.Numbers\03.Numbers.csproj", "{20385EB8-0C36-4102-ACA2-D18914C4FE81}"
EndProject
Global
	GlobalSection(SolutionConfigurationPlatforms) = preSolution
		Debug|Any CPU = Debug|Any CPU
		Release|Any CPU = Release|Any CPU
	EndGlobalSection
	GlobalSection(ProjectConfigurationPlatforms) = postSolution
		{CC397253-22E2-4262-B9F1-6045CF0216E4}.Debug|Any CPU.ActiveCfg = Debug|Any CPU
		{CC397253-22E2-4262-B9F1-6045CF0216E4}.Debug|Any CPU.Build.0 = Debug|Any CPU
		{CC397253-22E2-4262-B9F1-6045CF0216E4}.Release|Any CPU.ActiveCfg = Release|Any CPU
		{CC397253-22E2-4262-B9F1-6045CF0216E4}.Release|Any CPU.Build.0 = Release|Any CPU
		{96EF49C2-D2C9-46E0-94B3-A6EF46624A26}.Debug|Any CPU.ActiveCfg = Debug|Any CPU
		{96EF49C2-D2C9-46E0-94B3-A6EF46624A26}.Debug|Any CPU.Build.0 = Debug|Any CPU
		{96EF49C2-D2C9-46E0-94B3-A6EF46624A26}.Release|Any CPU.ActiveCfg = Release|Any CPU
		{96EF49C2-D2C9-46E0-94B3-A6EF46624A26}.Release|Any CPU.Build.0 = Release|Any CPU
		{20385EB8-0C36-4102-ACA2-D18914C4FE81}.Debug|Any CPU.ActiveCfg = Debug|Any CPU
		{20385EB8-0C36-4102-ACA2-D18914C4FE81}.Debug|Any CPU.Build.0 = Debug|Any CPU
		{20385EB8-0C36-4102-ACA2-D18914C4FE81}.Release|Any CPU.ActiveCfg = Release|Any CPU
		{20385EB8-0C36-4102-ACA2-D18914C4FE81}.Release|Any CPU.Build.0 = Release|Any CPU
	EndGlobalSection
	GlobalSection(SolutionProperties) = preSolution
		HideSolutionNode = FALSE
	EndGlobalSection
	GlobalSection(ExtensibilityGlobals) = postSolution
		SolutionGuid = {CFAA115A-D677-479E-A82F-46EB0C02AF86}
	EndGlobalSection
EndGlobal
