
Microsoft Visual Studio Solution File, Format Version 12.00
# Visual Studio Version 17
VisualStudioVersion = 17.7.34221.43
MinimumVisualStudioVersion = 10.0.40219.1
Project("{FAE04EC0-301F-11D3-BF4B-00C04F79EFBC}") = "01.BinaryDigitsCount", "01.BinaryDigitsCount\01.BinaryDigitsCount.csproj", "{2A31F37D-7BA6-4B27-A324-5BB969C1CBAB}"
EndProject
Global
	GlobalSection(SolutionConfigurationPlatforms) = preSolution
		Debug|Any CPU = Debug|Any CPU
		Release|Any CPU = Release|Any CPU
	EndGlobalSection
	GlobalSection(ProjectConfigurationPlatforms) = postSolution
		{2A31F37D-7BA6-4B27-A324-5BB969C1CBAB}.Debug|Any CPU.ActiveCfg = Debug|Any CPU
		{2A31F37D-7BA6-4B27-A324-5BB969C1CBAB}.Debug|Any CPU.Build.0 = Debug|Any CPU
		{2A31F37D-7BA6-4B27-A324-5BB969C1CBAB}.Release|Any CPU.ActiveCfg = Release|Any CPU
		{2A31F37D-7BA6-4B27-A324-5BB969C1CBAB}.Release|Any CPU.Build.0 = Release|Any CPU
	EndGlobalSection
	GlobalSection(SolutionProperties) = preSolution
		HideSolutionNode = FALSE
	EndGlobalSection
	GlobalSection(ExtensibilityGlobals) = postSolution
		SolutionGuid = {C125517C-9F17-4322-9F9A-1F400E06FC5A}
	EndGlobalSection
EndGlobal
