
Microsoft Visual Studio Solution File, Format Version 12.00
# Visual Studio Version 17
VisualStudioVersion = 17.7.34221.43
MinimumVisualStudioVersion = 10.0.40219.1
Project("{9A19103F-16F7-4668-BE54-9A1E7A4F7556}") = "lek2", "lek2\lek2.csproj", "{4283F2AB-9DF0-402D-B6DB-5BE9E899E959}"
EndProject
Project("{9A19103F-16F7-4668-BE54-9A1E7A4F7556}") = "lekciq 02", "lekciq 02\lekciq 02.csproj", "{3501830C-85A7-412B-A8F6-83265195814D}"
EndProject
Project("{9A19103F-16F7-4668-BE54-9A1E7A4F7556}") = "lekicq 03", "lekicq 03\lekicq 03.csproj", "{220F088F-F86B-418C-BC60-27D6ED257AD8}"
EndProject
Project("{9A19103F-16F7-4668-BE54-9A1E7A4F7556}") = "lekciq 04", "lekciq 04\lekciq 04.csproj", "{2FA8FFA2-9B4E-4E7E-9FD9-E13EE3F7621D}"
EndProject
Project("{9A19103F-16F7-4668-BE54-9A1E7A4F7556}") = "lekciq 05", "lekciq 05\lekciq 05.csproj", "{C1B3F4C9-14C1-4446-A63A-7ECF340A0521}"
EndProject
Project("{FAE04EC0-301F-11D3-BF4B-00C04F79EFBC}") = "lekicq 06", "lekicq 06\lekicq 06.csproj", "{C0F90C06-190C-42D2-85E7-B6CC953D94EA}"
EndProject
Project("{FAE04EC0-301F-11D3-BF4B-00C04F79EFBC}") = "lekicq 07", "lekicq 07\lekicq 07.csproj", "{F73FDCB2-23F6-4429-B6CA-4D92FCA6DFEF}"
EndProject
Global
	GlobalSection(SolutionConfigurationPlatforms) = preSolution
		Debug|Any CPU = Debug|Any CPU
		Debug|x64 = Debug|x64
		Debug|x86 = Debug|x86
		Release|Any CPU = Release|Any CPU
		Release|x64 = Release|x64
		Release|x86 = Release|x86
	EndGlobalSection
	GlobalSection(ProjectConfigurationPlatforms) = postSolution
		{4283F2AB-9DF0-402D-B6DB-5BE9E899E959}.Debug|Any CPU.ActiveCfg = Debug|Any CPU
		{4283F2AB-9DF0-402D-B6DB-5BE9E899E959}.Debug|Any CPU.Build.0 = Debug|Any CPU
		{4283F2AB-9DF0-402D-B6DB-5BE9E899E959}.Debug|x64.ActiveCfg = Debug|Any CPU
		{4283F2AB-9DF0-402D-B6DB-5BE9E899E959}.Debug|x64.Build.0 = Debug|Any CPU
		{4283F2AB-9DF0-402D-B6DB-5BE9E899E959}.Debug|x86.ActiveCfg = Debug|Any CPU
		{4283F2AB-9DF0-402D-B6DB-5BE9E899E959}.Debug|x86.Build.0 = Debug|Any CPU
		{4283F2AB-9DF0-402D-B6DB-5BE9E899E959}.Release|Any CPU.ActiveCfg = Release|Any CPU
		{4283F2AB-9DF0-402D-B6DB-5BE9E899E959}.Release|Any CPU.Build.0 = Release|Any CPU
		{4283F2AB-9DF0-402D-B6DB-5BE9E899E959}.Release|x64.ActiveCfg = Release|Any CPU
		{4283F2AB-9DF0-402D-B6DB-5BE9E899E959}.Release|x64.Build.0 = Release|Any CPU
		{4283F2AB-9DF0-402D-B6DB-5BE9E899E959}.Release|x86.ActiveCfg = Release|Any CPU
		{4283F2AB-9DF0-402D-B6DB-5BE9E899E959}.Release|x86.Build.0 = Release|Any CPU
		{3501830C-85A7-412B-A8F6-83265195814D}.Debug|Any CPU.ActiveCfg = Debug|Any CPU
		{3501830C-85A7-412B-A8F6-83265195814D}.Debug|Any CPU.Build.0 = Debug|Any CPU
		{3501830C-85A7-412B-A8F6-83265195814D}.Debug|x64.ActiveCfg = Debug|Any CPU
		{3501830C-85A7-412B-A8F6-83265195814D}.Debug|x64.Build.0 = Debug|Any CPU
		{3501830C-85A7-412B-A8F6-83265195814D}.Debug|x86.ActiveCfg = Debug|Any CPU
		{3501830C-85A7-412B-A8F6-83265195814D}.Debug|x86.Build.0 = Debug|Any CPU
		{3501830C-85A7-412B-A8F6-83265195814D}.Release|Any CPU.ActiveCfg = Release|Any CPU
		{3501830C-85A7-412B-A8F6-83265195814D}.Release|Any CPU.Build.0 = Release|Any CPU
		{3501830C-85A7-412B-A8F6-83265195814D}.Release|x64.ActiveCfg = Release|Any CPU
		{3501830C-85A7-412B-A8F6-83265195814D}.Release|x64.Build.0 = Release|Any CPU
		{3501830C-85A7-412B-A8F6-83265195814D}.Release|x86.ActiveCfg = Release|Any CPU
		{3501830C-85A7-412B-A8F6-83265195814D}.Release|x86.Build.0 = Release|Any CPU
		{220F088F-F86B-418C-BC60-27D6ED257AD8}.Debug|Any CPU.ActiveCfg = Debug|Any CPU
		{220F088F-F86B-418C-BC60-27D6ED257AD8}.Debug|Any CPU.Build.0 = Debug|Any CPU
		{220F088F-F86B-418C-BC60-27D6ED257AD8}.Debug|x64.ActiveCfg = Debug|Any CPU
		{220F088F-F86B-418C-BC60-27D6ED257AD8}.Debug|x64.Build.0 = Debug|Any CPU
		{220F088F-F86B-418C-BC60-27D6ED257AD8}.Debug|x86.ActiveCfg = Debug|Any CPU
		{220F088F-F86B-418C-BC60-27D6ED257AD8}.Debug|x86.Build.0 = Debug|Any CPU
		{220F088F-F86B-418C-BC60-27D6ED257AD8}.Release|Any CPU.ActiveCfg = Release|Any CPU
		{220F088F-F86B-418C-BC60-27D6ED257AD8}.Release|Any CPU.Build.0 = Release|Any CPU
		{220F088F-F86B-418C-BC60-27D6ED257AD8}.Release|x64.ActiveCfg = Release|Any CPU
		{220F088F-F86B-418C-BC60-27D6ED257AD8}.Release|x64.Build.0 = Release|Any CPU
		{220F088F-F86B-418C-BC60-27D6ED257AD8}.Release|x86.ActiveCfg = Release|Any CPU
		{220F088F-F86B-418C-BC60-27D6ED257AD8}.Release|x86.Build.0 = Release|Any CPU
		{2FA8FFA2-9B4E-4E7E-9FD9-E13EE3F7621D}.Debug|Any CPU.ActiveCfg = Debug|Any CPU
		{2FA8FFA2-9B4E-4E7E-9FD9-E13EE3F7621D}.Debug|Any CPU.Build.0 = Debug|Any CPU
		{2FA8FFA2-9B4E-4E7E-9FD9-E13EE3F7621D}.Debug|x64.ActiveCfg = Debug|Any CPU
		{2FA8FFA2-9B4E-4E7E-9FD9-E13EE3F7621D}.Debug|x64.Build.0 = Debug|Any CPU
		{2FA8FFA2-9B4E-4E7E-9FD9-E13EE3F7621D}.Debug|x86.ActiveCfg = Debug|Any CPU
		{2FA8FFA2-9B4E-4E7E-9FD9-E13EE3F7621D}.Debug|x86.Build.0 = Debug|Any CPU
		{2FA8FFA2-9B4E-4E7E-9FD9-E13EE3F7621D}.Release|Any CPU.ActiveCfg = Release|Any CPU
		{2FA8FFA2-9B4E-4E7E-9FD9-E13EE3F7621D}.Release|Any CPU.Build.0 = Release|Any CPU
		{2FA8FFA2-9B4E-4E7E-9FD9-E13EE3F7621D}.Release|x64.ActiveCfg = Release|Any CPU
		{2FA8FFA2-9B4E-4E7E-9FD9-E13EE3F7621D}.Release|x64.Build.0 = Release|Any CPU
		{2FA8FFA2-9B4E-4E7E-9FD9-E13EE3F7621D}.Release|x86.ActiveCfg = Release|Any CPU
		{2FA8FFA2-9B4E-4E7E-9FD9-E13EE3F7621D}.Release|x86.Build.0 = Release|Any CPU
		{C1B3F4C9-14C1-4446-A63A-7ECF340A0521}.Debug|Any CPU.ActiveCfg = Debug|Any CPU
		{C1B3F4C9-14C1-4446-A63A-7ECF340A0521}.Debug|Any CPU.Build.0 = Debug|Any CPU
		{C1B3F4C9-14C1-4446-A63A-7ECF340A0521}.Debug|x64.ActiveCfg = Debug|Any CPU
		{C1B3F4C9-14C1-4446-A63A-7ECF340A0521}.Debug|x64.Build.0 = Debug|Any CPU
		{C1B3F4C9-14C1-4446-A63A-7ECF340A0521}.Debug|x86.ActiveCfg = Debug|Any CPU
		{C1B3F4C9-14C1-4446-A63A-7ECF340A0521}.Debug|x86.Build.0 = Debug|Any CPU
		{C1B3F4C9-14C1-4446-A63A-7ECF340A0521}.Release|Any CPU.ActiveCfg = Release|Any CPU
		{C1B3F4C9-14C1-4446-A63A-7ECF340A0521}.Release|Any CPU.Build.0 = Release|Any CPU
		{C1B3F4C9-14C1-4446-A63A-7ECF340A0521}.Release|x64.ActiveCfg = Release|Any CPU
		{C1B3F4C9-14C1-4446-A63A-7ECF340A0521}.Release|x64.Build.0 = Release|Any CPU
		{C1B3F4C9-14C1-4446-A63A-7ECF340A0521}.Release|x86.ActiveCfg = Release|Any CPU
		{C1B3F4C9-14C1-4446-A63A-7ECF340A0521}.Release|x86.Build.0 = Release|Any CPU
		{C0F90C06-190C-42D2-85E7-B6CC953D94EA}.Debug|Any CPU.ActiveCfg = Debug|Any CPU
		{C0F90C06-190C-42D2-85E7-B6CC953D94EA}.Debug|Any CPU.Build.0 = Debug|Any CPU
		{C0F90C06-190C-42D2-85E7-B6CC953D94EA}.Debug|x64.ActiveCfg = Debug|Any CPU
		{C0F90C06-190C-42D2-85E7-B6CC953D94EA}.Debug|x64.Build.0 = Debug|Any CPU
		{C0F90C06-190C-42D2-85E7-B6CC953D94EA}.Debug|x86.ActiveCfg = Debug|Any CPU
		{C0F90C06-190C-42D2-85E7-B6CC953D94EA}.Debug|x86.Build.0 = Debug|Any CPU
		{C0F90C06-190C-42D2-85E7-B6CC953D94EA}.Release|Any CPU.ActiveCfg = Release|Any CPU
		{C0F90C06-190C-42D2-85E7-B6CC953D94EA}.Release|Any CPU.Build.0 = Release|Any CPU
		{C0F90C06-190C-42D2-85E7-B6CC953D94EA}.Release|x64.ActiveCfg = Release|Any CPU
		{C0F90C06-190C-42D2-85E7-B6CC953D94EA}.Release|x64.Build.0 = Release|Any CPU
		{C0F90C06-190C-42D2-85E7-B6CC953D94EA}.Release|x86.ActiveCfg = Release|Any CPU
		{C0F90C06-190C-42D2-85E7-B6CC953D94EA}.Release|x86.Build.0 = Release|Any CPU
		{F73FDCB2-23F6-4429-B6CA-4D92FCA6DFEF}.Debug|Any CPU.ActiveCfg = Debug|Any CPU
		{F73FDCB2-23F6-4429-B6CA-4D92FCA6DFEF}.Debug|Any CPU.Build.0 = Debug|Any CPU
		{F73FDCB2-23F6-4429-B6CA-4D92FCA6DFEF}.Debug|x64.ActiveCfg = Debug|Any CPU
		{F73FDCB2-23F6-4429-B6CA-4D92FCA6DFEF}.Debug|x64.Build.0 = Debug|Any CPU
		{F73FDCB2-23F6-4429-B6CA-4D92FCA6DFEF}.Debug|x86.ActiveCfg = Debug|Any CPU
		{F73FDCB2-23F6-4429-B6CA-4D92FCA6DFEF}.Debug|x86.Build.0 = Debug|Any CPU
		{F73FDCB2-23F6-4429-B6CA-4D92FCA6DFEF}.Release|Any CPU.ActiveCfg = Release|Any CPU
		{F73FDCB2-23F6-4429-B6CA-4D92FCA6DFEF}.Release|Any CPU.Build.0 = Release|Any CPU
		{F73FDCB2-23F6-4429-B6CA-4D92FCA6DFEF}.Release|x64.ActiveCfg = Release|Any CPU
		{F73FDCB2-23F6-4429-B6CA-4D92FCA6DFEF}.Release|x64.Build.0 = Release|Any CPU
		{F73FDCB2-23F6-4429-B6CA-4D92FCA6DFEF}.Release|x86.ActiveCfg = Release|Any CPU
		{F73FDCB2-23F6-4429-B6CA-4D92FCA6DFEF}.Release|x86.Build.0 = Release|Any CPU
	EndGlobalSection
	GlobalSection(SolutionProperties) = preSolution
		HideSolutionNode = FALSE
	EndGlobalSection
	GlobalSection(ExtensibilityGlobals) = postSolution
		SolutionGuid = {37DEB766-E409-4805-B871-9001FEE6ED1C}
	EndGlobalSection
EndGlobal
