
Microsoft Visual Studio Solution File, Format Version 12.00
# Visual Studio Version 17
VisualStudioVersion = 17.10.35122.118
MinimumVisualStudioVersion = 10.0.40219.1
Project("{9A19103F-16F7-4668-BE54-9A1E7A4F7556}") = "P01_StudentSystem", "01.StudentSystem\P01_StudentSystem.csproj", "{49F2C9C6-3795-4765-8F86-6DE6F14D179E}"
EndProject
Project("{FAE04EC0-301F-11D3-BF4B-00C04F79EFBC}") = "P02_FootballBetting", "P02_FootballBetting\P02_FootballBetting.csproj", "{E835C27E-4875-42BC-99B3-D5A2C781CFEA}"
EndProject
Project("{FAE04EC0-301F-11D3-BF4B-00C04F79EFBC}") = "P02_FootballBetting.Data", "P02_FootballBetting.Data\P02_FootballBetting.Data.csproj", "{92B97E47-7F6B-420F-9090-45F7A86A3AA6}"
EndProject
Project("{FAE04EC0-301F-11D3-BF4B-00C04F79EFBC}") = "P02_FootballBetting.Data.Models", "P02_FootballBetting.Data.Models\P02_FootballBetting.Data.Models.csproj", "{2736B79F-2AD2-4FF1-9C00-DAD0549E8F6B}"
EndProject
Project("{FAE04EC0-301F-11D3-BF4B-00C04F79EFBC}") = "P02_FootballBetting.Common", "P02_FootballBetting.Common\P02_FootballBetting.Common.csproj", "{6B969D8B-E553-4871-8B7F-EFFA395E18DA}"
EndProject
Global
	GlobalSection(SolutionConfigurationPlatforms) = preSolution
		Debug|Any CPU = Debug|Any CPU
		Release|Any CPU = Release|Any CPU
	EndGlobalSection
	GlobalSection(ProjectConfigurationPlatforms) = postSolution
		{49F2C9C6-3795-4765-8F86-6DE6F14D179E}.Debug|Any CPU.ActiveCfg = Debug|Any CPU
		{49F2C9C6-3795-4765-8F86-6DE6F14D179E}.Debug|Any CPU.Build.0 = Debug|Any CPU
		{49F2C9C6-3795-4765-8F86-6DE6F14D179E}.Release|Any CPU.ActiveCfg = Release|Any CPU
		{49F2C9C6-3795-4765-8F86-6DE6F14D179E}.Release|Any CPU.Build.0 = Release|Any CPU
		{E835C27E-4875-42BC-99B3-D5A2C781CFEA}.Debug|Any CPU.ActiveCfg = Debug|Any CPU
		{E835C27E-4875-42BC-99B3-D5A2C781CFEA}.Debug|Any CPU.Build.0 = Debug|Any CPU
		{E835C27E-4875-42BC-99B3-D5A2C781CFEA}.Release|Any CPU.ActiveCfg = Release|Any CPU
		{E835C27E-4875-42BC-99B3-D5A2C781CFEA}.Release|Any CPU.Build.0 = Release|Any CPU
		{92B97E47-7F6B-420F-9090-45F7A86A3AA6}.Debug|Any CPU.ActiveCfg = Debug|Any CPU
		{92B97E47-7F6B-420F-9090-45F7A86A3AA6}.Debug|Any CPU.Build.0 = Debug|Any CPU
		{92B97E47-7F6B-420F-9090-45F7A86A3AA6}.Release|Any CPU.ActiveCfg = Release|Any CPU
		{92B97E47-7F6B-420F-9090-45F7A86A3AA6}.Release|Any CPU.Build.0 = Release|Any CPU
		{2736B79F-2AD2-4FF1-9C00-DAD0549E8F6B}.Debug|Any CPU.ActiveCfg = Debug|Any CPU
		{2736B79F-2AD2-4FF1-9C00-DAD0549E8F6B}.Debug|Any CPU.Build.0 = Debug|Any CPU
		{2736B79F-2AD2-4FF1-9C00-DAD0549E8F6B}.Release|Any CPU.ActiveCfg = Release|Any CPU
		{2736B79F-2AD2-4FF1-9C00-DAD0549E8F6B}.Release|Any CPU.Build.0 = Release|Any CPU
		{6B969D8B-E553-4871-8B7F-EFFA395E18DA}.Debug|Any CPU.ActiveCfg = Debug|Any CPU
		{6B969D8B-E553-4871-8B7F-EFFA395E18DA}.Debug|Any CPU.Build.0 = Debug|Any CPU
		{6B969D8B-E553-4871-8B7F-EFFA395E18DA}.Release|Any CPU.ActiveCfg = Release|Any CPU
		{6B969D8B-E553-4871-8B7F-EFFA395E18DA}.Release|Any CPU.Build.0 = Release|Any CPU
	EndGlobalSection
	GlobalSection(SolutionProperties) = preSolution
		HideSolutionNode = FALSE
	EndGlobalSection
	GlobalSection(ExtensibilityGlobals) = postSolution
		SolutionGuid = {65FF3DD5-C555-47FA-9018-BA88A88412F9}
	EndGlobalSection
EndGlobal
