
Microsoft Visual Studio Solution File, Format Version 12.00
# Visual Studio Version 17
VisualStudioVersion = 17.10.35122.118
MinimumVisualStudioVersion = 10.0.40219.1
Project("{9A19103F-16F7-4668-BE54-9A1E7A4F7556}") = "1.ListyIterator", "1.ListyIterator\1.ListyIterator.csproj", "{9E174F7A-4522-461F-9503-0216D1FEA6FC}"
EndProject
Project("{9A19103F-16F7-4668-BE54-9A1E7A4F7556}") = "4.Froggy", "4.Froggy\4.Froggy.csproj", "{F27FA0C5-18A6-4A02-919D-F53995CA2B8F}"
EndProject
Project("{9A19103F-16F7-4668-BE54-9A1E7A4F7556}") = "5.ComparingObjects", "5.ComparingObjects\5.ComparingObjects.csproj", "{38C8E80B-0BFE-4C9B-87F1-6A0226071D42}"
EndProject
Project("{9A19103F-16F7-4668-BE54-9A1E7A4F7556}") = "6.EqualityLogic", "6.EqualityLogic\6.EqualityLogic.csproj", "{C2C09CD5-F893-4FDC-B814-EBA6C0AB83DB}"
EndProject
Project("{FAE04EC0-301F-11D3-BF4B-00C04F79EFBC}") = "7.CustomComparator", "7.CustomComparator\7.CustomComparator.csproj", "{79A4A41F-465A-4236-A126-41D84ECCD503}"
EndProject
Global
	GlobalSection(SolutionConfigurationPlatforms) = preSolution
		Debug|Any CPU = Debug|Any CPU
		Release|Any CPU = Release|Any CPU
	EndGlobalSection
	GlobalSection(ProjectConfigurationPlatforms) = postSolution
		{9E174F7A-4522-461F-9503-0216D1FEA6FC}.Debug|Any CPU.ActiveCfg = Debug|Any CPU
		{9E174F7A-4522-461F-9503-0216D1FEA6FC}.Debug|Any CPU.Build.0 = Debug|Any CPU
		{9E174F7A-4522-461F-9503-0216D1FEA6FC}.Release|Any CPU.ActiveCfg = Release|Any CPU
		{9E174F7A-4522-461F-9503-0216D1FEA6FC}.Release|Any CPU.Build.0 = Release|Any CPU
		{F27FA0C5-18A6-4A02-919D-F53995CA2B8F}.Debug|Any CPU.ActiveCfg = Debug|Any CPU
		{F27FA0C5-18A6-4A02-919D-F53995CA2B8F}.Debug|Any CPU.Build.0 = Debug|Any CPU
		{F27FA0C5-18A6-4A02-919D-F53995CA2B8F}.Release|Any CPU.ActiveCfg = Release|Any CPU
		{F27FA0C5-18A6-4A02-919D-F53995CA2B8F}.Release|Any CPU.Build.0 = Release|Any CPU
		{38C8E80B-0BFE-4C9B-87F1-6A0226071D42}.Debug|Any CPU.ActiveCfg = Debug|Any CPU
		{38C8E80B-0BFE-4C9B-87F1-6A0226071D42}.Debug|Any CPU.Build.0 = Debug|Any CPU
		{38C8E80B-0BFE-4C9B-87F1-6A0226071D42}.Release|Any CPU.ActiveCfg = Release|Any CPU
		{38C8E80B-0BFE-4C9B-87F1-6A0226071D42}.Release|Any CPU.Build.0 = Release|Any CPU
		{C2C09CD5-F893-4FDC-B814-EBA6C0AB83DB}.Debug|Any CPU.ActiveCfg = Debug|Any CPU
		{C2C09CD5-F893-4FDC-B814-EBA6C0AB83DB}.Debug|Any CPU.Build.0 = Debug|Any CPU
		{C2C09CD5-F893-4FDC-B814-EBA6C0AB83DB}.Release|Any CPU.ActiveCfg = Release|Any CPU
		{C2C09CD5-F893-4FDC-B814-EBA6C0AB83DB}.Release|Any CPU.Build.0 = Release|Any CPU
		{79A4A41F-465A-4236-A126-41D84ECCD503}.Debug|Any CPU.ActiveCfg = Debug|Any CPU
		{79A4A41F-465A-4236-A126-41D84ECCD503}.Debug|Any CPU.Build.0 = Debug|Any CPU
		{79A4A41F-465A-4236-A126-41D84ECCD503}.Release|Any CPU.ActiveCfg = Release|Any CPU
		{79A4A41F-465A-4236-A126-41D84ECCD503}.Release|Any CPU.Build.0 = Release|Any CPU
	EndGlobalSection
	GlobalSection(SolutionProperties) = preSolution
		HideSolutionNode = FALSE
	EndGlobalSection
	GlobalSection(ExtensibilityGlobals) = postSolution
		SolutionGuid = {C1ADCA9E-3C1D-48A1-BDE1-C62F4F239E74}
	EndGlobalSection
EndGlobal
