
Microsoft Visual Studio Solution File, Format Version 12.00
# Visual Studio Version 17
VisualStudioVersion = 17.7.34221.43
MinimumVisualStudioVersion = 10.0.40219.1
Project("{9A19103F-16F7-4668-BE54-9A1E7A4F7556}") = "1.Ages", "1.Ages\1.Ages.csproj", "{2F6A2261-CE8F-47FF-86E3-7DF957F42258}"
EndProject
Project("{9A19103F-16F7-4668-BE54-9A1E7A4F7556}") = "2.Division", "2.Division\2.Division.csproj", "{3C850527-9A66-4E17-A59C-B3664BD5A427}"
EndProject
Project("{9A19103F-16F7-4668-BE54-9A1E7A4F7556}") = "3.Vacation", "3.Vacation\3.Vacation.csproj", "{DB6BA30D-D32F-4648-ABE1-5E9163BF6F42}"
EndProject
Project("{9A19103F-16F7-4668-BE54-9A1E7A4F7556}") = "4.PrintAndSum", "4.PrintAndSum\4.PrintAndSum.csproj", "{E2BCB574-1530-4E75-8CC8-2A6B6CAC8213}"
EndProject
Project("{9A19103F-16F7-4668-BE54-9A1E7A4F7556}") = "5.Login", "5.Login\5.Login.csproj", "{A138C5FA-79E0-4332-AD08-C5A40FEF3083}"
EndProject
Project("{9A19103F-16F7-4668-BE54-9A1E7A4F7556}") = "6.StrongNumber", "6.StrongNumber\6.StrongNumber.csproj", "{AA8AB039-1093-45A7-A34A-689A963D1FD5}"
EndProject
Project("{FAE04EC0-301F-11D3-BF4B-00C04F79EFBC}") = "07.VendingMachine", "07.VendingMachine\07.VendingMachine.csproj", "{8B81F343-FC89-49A9-9F0D-47B42D6AB15C}"
EndProject
Project("{FAE04EC0-301F-11D3-BF4B-00C04F79EFBC}") = "08.TriangleOfNumbers", "08.TriangleOfNumbers\08.TriangleOfNumbers.csproj", "{637A1373-15BB-4A8B-A985-D1890D74A24D}"
EndProject
Global
	GlobalSection(SolutionConfigurationPlatforms) = preSolution
		Debug|Any CPU = Debug|Any CPU
		Release|Any CPU = Release|Any CPU
	EndGlobalSection
	GlobalSection(ProjectConfigurationPlatforms) = postSolution
		{2F6A2261-CE8F-47FF-86E3-7DF957F42258}.Debug|Any CPU.ActiveCfg = Debug|Any CPU
		{2F6A2261-CE8F-47FF-86E3-7DF957F42258}.Debug|Any CPU.Build.0 = Debug|Any CPU
		{2F6A2261-CE8F-47FF-86E3-7DF957F42258}.Release|Any CPU.ActiveCfg = Release|Any CPU
		{2F6A2261-CE8F-47FF-86E3-7DF957F42258}.Release|Any CPU.Build.0 = Release|Any CPU
		{3C850527-9A66-4E17-A59C-B3664BD5A427}.Debug|Any CPU.ActiveCfg = Debug|Any CPU
		{3C850527-9A66-4E17-A59C-B3664BD5A427}.Debug|Any CPU.Build.0 = Debug|Any CPU
		{3C850527-9A66-4E17-A59C-B3664BD5A427}.Release|Any CPU.ActiveCfg = Release|Any CPU
		{3C850527-9A66-4E17-A59C-B3664BD5A427}.Release|Any CPU.Build.0 = Release|Any CPU
		{DB6BA30D-D32F-4648-ABE1-5E9163BF6F42}.Debug|Any CPU.ActiveCfg = Debug|Any CPU
		{DB6BA30D-D32F-4648-ABE1-5E9163BF6F42}.Debug|Any CPU.Build.0 = Debug|Any CPU
		{DB6BA30D-D32F-4648-ABE1-5E9163BF6F42}.Release|Any CPU.ActiveCfg = Release|Any CPU
		{DB6BA30D-D32F-4648-ABE1-5E9163BF6F42}.Release|Any CPU.Build.0 = Release|Any CPU
		{E2BCB574-1530-4E75-8CC8-2A6B6CAC8213}.Debug|Any CPU.ActiveCfg = Debug|Any CPU
		{E2BCB574-1530-4E75-8CC8-2A6B6CAC8213}.Debug|Any CPU.Build.0 = Debug|Any CPU
		{E2BCB574-1530-4E75-8CC8-2A6B6CAC8213}.Release|Any CPU.ActiveCfg = Release|Any CPU
		{E2BCB574-1530-4E75-8CC8-2A6B6CAC8213}.Release|Any CPU.Build.0 = Release|Any CPU
		{A138C5FA-79E0-4332-AD08-C5A40FEF3083}.Debug|Any CPU.ActiveCfg = Debug|Any CPU
		{A138C5FA-79E0-4332-AD08-C5A40FEF3083}.Debug|Any CPU.Build.0 = Debug|Any CPU
		{A138C5FA-79E0-4332-AD08-C5A40FEF3083}.Release|Any CPU.ActiveCfg = Release|Any CPU
		{A138C5FA-79E0-4332-AD08-C5A40FEF3083}.Release|Any CPU.Build.0 = Release|Any CPU
		{AA8AB039-1093-45A7-A34A-689A963D1FD5}.Debug|Any CPU.ActiveCfg = Debug|Any CPU
		{AA8AB039-1093-45A7-A34A-689A963D1FD5}.Debug|Any CPU.Build.0 = Debug|Any CPU
		{AA8AB039-1093-45A7-A34A-689A963D1FD5}.Release|Any CPU.ActiveCfg = Release|Any CPU
		{AA8AB039-1093-45A7-A34A-689A963D1FD5}.Release|Any CPU.Build.0 = Release|Any CPU
		{8B81F343-FC89-49A9-9F0D-47B42D6AB15C}.Debug|Any CPU.ActiveCfg = Debug|Any CPU
		{8B81F343-FC89-49A9-9F0D-47B42D6AB15C}.Debug|Any CPU.Build.0 = Debug|Any CPU
		{8B81F343-FC89-49A9-9F0D-47B42D6AB15C}.Release|Any CPU.ActiveCfg = Release|Any CPU
		{8B81F343-FC89-49A9-9F0D-47B42D6AB15C}.Release|Any CPU.Build.0 = Release|Any CPU
		{637A1373-15BB-4A8B-A985-D1890D74A24D}.Debug|Any CPU.ActiveCfg = Debug|Any CPU
		{637A1373-15BB-4A8B-A985-D1890D74A24D}.Debug|Any CPU.Build.0 = Debug|Any CPU
		{637A1373-15BB-4A8B-A985-D1890D74A24D}.Release|Any CPU.ActiveCfg = Release|Any CPU
		{637A1373-15BB-4A8B-A985-D1890D74A24D}.Release|Any CPU.Build.0 = Release|Any CPU
	EndGlobalSection
	GlobalSection(SolutionProperties) = preSolution
		HideSolutionNode = FALSE
	EndGlobalSection
	GlobalSection(ExtensibilityGlobals) = postSolution
		SolutionGuid = {E47FE72B-E0BF-4E08-89FA-E95F729F8D82}
	EndGlobalSection
EndGlobal
