
Microsoft Visual Studio Solution File, Format Version 12.00
# Visual Studio Version 17
VisualStudioVersion = 17.7.34221.43
MinimumVisualStudioVersion = 10.0.40219.1
Project("{9A19103F-16F7-4668-BE54-9A1E7A4F7556}") = "1.Train", "1.Train\1.Train.csproj", "{076B3CEA-30CA-4267-83D0-2079A28AB062}"
EndProject
Project("{9A19103F-16F7-4668-BE54-9A1E7A4F7556}") = "4.ArrayRotation", "4.ArrayRotation\4.ArrayRotation.csproj", "{62F65F1C-D975-4385-87C3-5C13BECB5793}"
EndProject
Project("{9A19103F-16F7-4668-BE54-9A1E7A4F7556}") = "7.MaxSequenceOfEqualElements", "7.MaxSequenceOfEqualElements\7.MaxSequenceOfEqualElements.csproj", "{FD714B88-CF03-46C8-8FA3-D20C2F286627}"
EndProject
Project("{9A19103F-16F7-4668-BE54-9A1E7A4F7556}") = "10.LadyBugs", "10.LadyBugs\10.LadyBugs.csproj", "{658EBA62-09EF-4650-B6C5-0D392A95CCD8}"
EndProject
Project("{FAE04EC0-301F-11D3-BF4B-00C04F79EFBC}") = "2.CommonElements", "2.CommonElements\2.CommonElements.csproj", "{840C1CE0-8197-47B9-9EFF-8DBED317F3AA}"
EndProject
Project("{FAE04EC0-301F-11D3-BF4B-00C04F79EFBC}") = "3.Zig-ZagArrays", "3.Zig-ZagArrays\3.Zig-ZagArrays.csproj", "{FFEB6300-A903-4AFD-8A57-E8FC64FCB0A0}"
EndProject
Global
	GlobalSection(SolutionConfigurationPlatforms) = preSolution
		Debug|Any CPU = Debug|Any CPU
		Release|Any CPU = Release|Any CPU
	EndGlobalSection
	GlobalSection(ProjectConfigurationPlatforms) = postSolution
		{076B3CEA-30CA-4267-83D0-2079A28AB062}.Debug|Any CPU.ActiveCfg = Debug|Any CPU
		{076B3CEA-30CA-4267-83D0-2079A28AB062}.Debug|Any CPU.Build.0 = Debug|Any CPU
		{076B3CEA-30CA-4267-83D0-2079A28AB062}.Release|Any CPU.ActiveCfg = Release|Any CPU
		{076B3CEA-30CA-4267-83D0-2079A28AB062}.Release|Any CPU.Build.0 = Release|Any CPU
		{62F65F1C-D975-4385-87C3-5C13BECB5793}.Debug|Any CPU.ActiveCfg = Debug|Any CPU
		{62F65F1C-D975-4385-87C3-5C13BECB5793}.Debug|Any CPU.Build.0 = Debug|Any CPU
		{62F65F1C-D975-4385-87C3-5C13BECB5793}.Release|Any CPU.ActiveCfg = Release|Any CPU
		{62F65F1C-D975-4385-87C3-5C13BECB5793}.Release|Any CPU.Build.0 = Release|Any CPU
		{FD714B88-CF03-46C8-8FA3-D20C2F286627}.Debug|Any CPU.ActiveCfg = Debug|Any CPU
		{FD714B88-CF03-46C8-8FA3-D20C2F286627}.Debug|Any CPU.Build.0 = Debug|Any CPU
		{FD714B88-CF03-46C8-8FA3-D20C2F286627}.Release|Any CPU.ActiveCfg = Release|Any CPU
		{FD714B88-CF03-46C8-8FA3-D20C2F286627}.Release|Any CPU.Build.0 = Release|Any CPU
		{658EBA62-09EF-4650-B6C5-0D392A95CCD8}.Debug|Any CPU.ActiveCfg = Debug|Any CPU
		{658EBA62-09EF-4650-B6C5-0D392A95CCD8}.Debug|Any CPU.Build.0 = Debug|Any CPU
		{658EBA62-09EF-4650-B6C5-0D392A95CCD8}.Release|Any CPU.ActiveCfg = Release|Any CPU
		{658EBA62-09EF-4650-B6C5-0D392A95CCD8}.Release|Any CPU.Build.0 = Release|Any CPU
		{840C1CE0-8197-47B9-9EFF-8DBED317F3AA}.Debug|Any CPU.ActiveCfg = Debug|Any CPU
		{840C1CE0-8197-47B9-9EFF-8DBED317F3AA}.Debug|Any CPU.Build.0 = Debug|Any CPU
		{840C1CE0-8197-47B9-9EFF-8DBED317F3AA}.Release|Any CPU.ActiveCfg = Release|Any CPU
		{840C1CE0-8197-47B9-9EFF-8DBED317F3AA}.Release|Any CPU.Build.0 = Release|Any CPU
		{FFEB6300-A903-4AFD-8A57-E8FC64FCB0A0}.Debug|Any CPU.ActiveCfg = Debug|Any CPU
		{FFEB6300-A903-4AFD-8A57-E8FC64FCB0A0}.Debug|Any CPU.Build.0 = Debug|Any CPU
		{FFEB6300-A903-4AFD-8A57-E8FC64FCB0A0}.Release|Any CPU.ActiveCfg = Release|Any CPU
		{FFEB6300-A903-4AFD-8A57-E8FC64FCB0A0}.Release|Any CPU.Build.0 = Release|Any CPU
	EndGlobalSection
	GlobalSection(SolutionProperties) = preSolution
		HideSolutionNode = FALSE
	EndGlobalSection
	GlobalSection(ExtensibilityGlobals) = postSolution
		SolutionGuid = {E92A09E0-6897-40C0-B1F4-46EC2D8F91D6}
	EndGlobalSection
EndGlobal
