
Microsoft Visual Studio Solution File, Format Version 12.00
# Visual Studio Version 17
VisualStudioVersion = 17.7.34221.43
MinimumVisualStudioVersion = 10.0.40219.1
Project("{9A19103F-16F7-4668-BE54-9A1E7A4F7556}") = "01.Counter-Strike", "01.Counter-Strike\01.Counter-Strike.csproj", "{0F32CF60-2F03-4A8F-B886-C2DBCD96B980}"
EndProject
Project("{9A19103F-16F7-4668-BE54-9A1E7A4F7556}") = "02.TreasureHunt", "02.TreasureHunt\02.TreasureHunt.csproj", "{C376C728-9986-4869-BFA1-AFB79CB8B13B}"
EndProject
Project("{FAE04EC0-301F-11D3-BF4B-00C04F79EFBC}") = "03.MemoryGame", "03.MemoryGame\03.MemoryGame.csproj", "{A223EF35-17BE-4974-B1C7-E5D218D8A7FB}"
EndProject
Global
	GlobalSection(SolutionConfigurationPlatforms) = preSolution
		Debug|Any CPU = Debug|Any CPU
		Release|Any CPU = Release|Any CPU
	EndGlobalSection
	GlobalSection(ProjectConfigurationPlatforms) = postSolution
		{0F32CF60-2F03-4A8F-B886-C2DBCD96B980}.Debug|Any CPU.ActiveCfg = Debug|Any CPU
		{0F32CF60-2F03-4A8F-B886-C2DBCD96B980}.Debug|Any CPU.Build.0 = Debug|Any CPU
		{0F32CF60-2F03-4A8F-B886-C2DBCD96B980}.Release|Any CPU.ActiveCfg = Release|Any CPU
		{0F32CF60-2F03-4A8F-B886-C2DBCD96B980}.Release|Any CPU.Build.0 = Release|Any CPU
		{C376C728-9986-4869-BFA1-AFB79CB8B13B}.Debug|Any CPU.ActiveCfg = Debug|Any CPU
		{C376C728-9986-4869-BFA1-AFB79CB8B13B}.Debug|Any CPU.Build.0 = Debug|Any CPU
		{C376C728-9986-4869-BFA1-AFB79CB8B13B}.Release|Any CPU.ActiveCfg = Release|Any CPU
		{C376C728-9986-4869-BFA1-AFB79CB8B13B}.Release|Any CPU.Build.0 = Release|Any CPU
		{A223EF35-17BE-4974-B1C7-E5D218D8A7FB}.Debug|Any CPU.ActiveCfg = Debug|Any CPU
		{A223EF35-17BE-4974-B1C7-E5D218D8A7FB}.Debug|Any CPU.Build.0 = Debug|Any CPU
		{A223EF35-17BE-4974-B1C7-E5D218D8A7FB}.Release|Any CPU.ActiveCfg = Release|Any CPU
		{A223EF35-17BE-4974-B1C7-E5D218D8A7FB}.Release|Any CPU.Build.0 = Release|Any CPU
	EndGlobalSection
	GlobalSection(SolutionProperties) = preSolution
		HideSolutionNode = FALSE
	EndGlobalSection
	GlobalSection(ExtensibilityGlobals) = postSolution
		SolutionGuid = {1889D512-A838-44C0-9D14-BCE941F18226}
	EndGlobalSection
EndGlobal
