
Microsoft Visual Studio Solution File, Format Version 12.00
# Visual Studio Version 17
VisualStudioVersion = 17.7.34221.43
MinimumVisualStudioVersion = 10.0.40219.1
Project("{9A19103F-16F7-4668-BE54-9A1E7A4F7556}") = "1.CountRealNumbers", "1.CountRealNumbers\1.CountRealNumbers.csproj", "{DCA6C278-445C-49B0-A308-A8DC85B2D072}"
EndProject
Project("{FAE04EC0-301F-11D3-BF4B-00C04F79EFBC}") = "3.WordSynonyms", "3.WordSynonyms\3.WordSynonyms.csproj", "{6A7EF1D3-AAE5-4DDC-85F0-51E6F9E9CAD4}"
EndProject
Project("{FAE04EC0-301F-11D3-BF4B-00C04F79EFBC}") = "4.WordFilter", "4.WordFilter\4.WordFilter.csproj", "{3ED88194-00F1-489A-9938-80BBA28742AD}"
EndProject
Global
	GlobalSection(SolutionConfigurationPlatforms) = preSolution
		Debug|Any CPU = Debug|Any CPU
		Release|Any CPU = Release|Any CPU
	EndGlobalSection
	GlobalSection(ProjectConfigurationPlatforms) = postSolution
		{DCA6C278-445C-49B0-A308-A8DC85B2D072}.Debug|Any CPU.ActiveCfg = Debug|Any CPU
		{DCA6C278-445C-49B0-A308-A8DC85B2D072}.Debug|Any CPU.Build.0 = Debug|Any CPU
		{DCA6C278-445C-49B0-A308-A8DC85B2D072}.Release|Any CPU.ActiveCfg = Release|Any CPU
		{DCA6C278-445C-49B0-A308-A8DC85B2D072}.Release|Any CPU.Build.0 = Release|Any CPU
		{6A7EF1D3-AAE5-4DDC-85F0-51E6F9E9CAD4}.Debug|Any CPU.ActiveCfg = Debug|Any CPU
		{6A7EF1D3-AAE5-4DDC-85F0-51E6F9E9CAD4}.Debug|Any CPU.Build.0 = Debug|Any CPU
		{6A7EF1D3-AAE5-4DDC-85F0-51E6F9E9CAD4}.Release|Any CPU.ActiveCfg = Release|Any CPU
		{6A7EF1D3-AAE5-4DDC-85F0-51E6F9E9CAD4}.Release|Any CPU.Build.0 = Release|Any CPU
		{3ED88194-00F1-489A-9938-80BBA28742AD}.Debug|Any CPU.ActiveCfg = Debug|Any CPU
		{3ED88194-00F1-489A-9938-80BBA28742AD}.Debug|Any CPU.Build.0 = Debug|Any CPU
		{3ED88194-00F1-489A-9938-80BBA28742AD}.Release|Any CPU.ActiveCfg = Release|Any CPU
		{3ED88194-00F1-489A-9938-80BBA28742AD}.Release|Any CPU.Build.0 = Release|Any CPU
	EndGlobalSection
	GlobalSection(SolutionProperties) = preSolution
		HideSolutionNode = FALSE
	EndGlobalSection
	GlobalSection(ExtensibilityGlobals) = postSolution
		SolutionGuid = {3DE0A5C4-6520-4049-9587-BC6174FC4BA2}
	EndGlobalSection
EndGlobal
