
Microsoft Visual Studio Solution File, Format Version 12.00
# Visual Studio Version 17
VisualStudioVersion = 17.7.34221.43
MinimumVisualStudioVersion = 10.0.40219.1
Project("{9A19103F-16F7-4668-BE54-9A1E7A4F7556}") = "1.CountCharsInAString", "1.CountCharsInAString\1.CountCharsInAString.csproj", "{11F3BDBC-ACF5-4737-B8AE-EC54CCFB6666}"
EndProject
Project("{9A19103F-16F7-4668-BE54-9A1E7A4F7556}") = "6.StudentAcademy", "6.StudentAcademy\6.StudentAcademy.csproj", "{15CF2D6B-D1AC-49C7-B526-1A414F2E5B84}"
EndProject
Project("{9A19103F-16F7-4668-BE54-9A1E7A4F7556}") = "7.CompanyUsers", "7.CompanyUsers\7.CompanyUsers.csproj", "{550C7C8F-7E49-4D2D-8B6A-FD727A071531}"
EndProject
Project("{9A19103F-16F7-4668-BE54-9A1E7A4F7556}") = "3.Orders", "3.Orders\3.Orders.csproj", "{84C1EBD2-58CE-41F4-96D6-B0B45F1C646F}"
EndProject
Project("{FAE04EC0-301F-11D3-BF4B-00C04F79EFBC}") = "2.AMinerTask", "2.AMinerTask\2.AMinerTask.csproj", "{E8A68F8B-57DA-4129-A4BF-B3BDEB1A8E7A}"
EndProject
Global
	GlobalSection(SolutionConfigurationPlatforms) = preSolution
		Debug|Any CPU = Debug|Any CPU
		Release|Any CPU = Release|Any CPU
	EndGlobalSection
	GlobalSection(ProjectConfigurationPlatforms) = postSolution
		{11F3BDBC-ACF5-4737-B8AE-EC54CCFB6666}.Debug|Any CPU.ActiveCfg = Debug|Any CPU
		{11F3BDBC-ACF5-4737-B8AE-EC54CCFB6666}.Debug|Any CPU.Build.0 = Debug|Any CPU
		{11F3BDBC-ACF5-4737-B8AE-EC54CCFB6666}.Release|Any CPU.ActiveCfg = Release|Any CPU
		{11F3BDBC-ACF5-4737-B8AE-EC54CCFB6666}.Release|Any CPU.Build.0 = Release|Any CPU
		{15CF2D6B-D1AC-49C7-B526-1A414F2E5B84}.Debug|Any CPU.ActiveCfg = Debug|Any CPU
		{15CF2D6B-D1AC-49C7-B526-1A414F2E5B84}.Debug|Any CPU.Build.0 = Debug|Any CPU
		{15CF2D6B-D1AC-49C7-B526-1A414F2E5B84}.Release|Any CPU.ActiveCfg = Release|Any CPU
		{15CF2D6B-D1AC-49C7-B526-1A414F2E5B84}.Release|Any CPU.Build.0 = Release|Any CPU
		{550C7C8F-7E49-4D2D-8B6A-FD727A071531}.Debug|Any CPU.ActiveCfg = Debug|Any CPU
		{550C7C8F-7E49-4D2D-8B6A-FD727A071531}.Debug|Any CPU.Build.0 = Debug|Any CPU
		{550C7C8F-7E49-4D2D-8B6A-FD727A071531}.Release|Any CPU.ActiveCfg = Release|Any CPU
		{550C7C8F-7E49-4D2D-8B6A-FD727A071531}.Release|Any CPU.Build.0 = Release|Any CPU
		{84C1EBD2-58CE-41F4-96D6-B0B45F1C646F}.Debug|Any CPU.ActiveCfg = Debug|Any CPU
		{84C1EBD2-58CE-41F4-96D6-B0B45F1C646F}.Debug|Any CPU.Build.0 = Debug|Any CPU
		{84C1EBD2-58CE-41F4-96D6-B0B45F1C646F}.Release|Any CPU.ActiveCfg = Release|Any CPU
		{84C1EBD2-58CE-41F4-96D6-B0B45F1C646F}.Release|Any CPU.Build.0 = Release|Any CPU
		{E8A68F8B-57DA-4129-A4BF-B3BDEB1A8E7A}.Debug|Any CPU.ActiveCfg = Debug|Any CPU
		{E8A68F8B-57DA-4129-A4BF-B3BDEB1A8E7A}.Debug|Any CPU.Build.0 = Debug|Any CPU
		{E8A68F8B-57DA-4129-A4BF-B3BDEB1A8E7A}.Release|Any CPU.ActiveCfg = Release|Any CPU
		{E8A68F8B-57DA-4129-A4BF-B3BDEB1A8E7A}.Release|Any CPU.Build.0 = Release|Any CPU
	EndGlobalSection
	GlobalSection(SolutionProperties) = preSolution
		HideSolutionNode = FALSE
	EndGlobalSection
	GlobalSection(ExtensibilityGlobals) = postSolution
		SolutionGuid = {D55628F5-B123-4CF8-93B2-DABB8026A3DD}
	EndGlobalSection
EndGlobal
