
Microsoft Visual Studio Solution File, Format Version 12.00
# Visual Studio Version 17
VisualStudioVersion = 17.10.35122.118
MinimumVisualStudioVersion = 10.0.40219.1
Project("{FAE04EC0-301F-11D3-BF4B-00C04F79EFBC}") = "1.CountSameValuesInArray", "1.CountSameValuesInArray\1.CountSameValuesInArray.csproj", "{472DCDCE-1688-4493-90B4-D0D2A73B2E96}"
EndProject
Project("{FAE04EC0-301F-11D3-BF4B-00C04F79EFBC}") = "2.AverageStudentGrades", "2.AverageStudentGrades\2.AverageStudentGrades.csproj", "{5F72D1B2-B6E7-4CD8-93C2-41274DEAE899}"
EndProject
Project("{FAE04EC0-301F-11D3-BF4B-00C04F79EFBC}") = "3.Largest3Numbers", "3.Largest3Numbers\3.Largest3Numbers.csproj", "{6B853248-C2F8-48D4-8370-53A0675463C2}"
EndProject
Project("{FAE04EC0-301F-11D3-BF4B-00C04F79EFBC}") = "4.ProductShop", "4.ProductShop\4.ProductShop.csproj", "{59182364-0E7B-4ECC-A7D3-68D450FD7429}"
EndProject
Project("{FAE04EC0-301F-11D3-BF4B-00C04F79EFBC}") = "5.CitiesByContinentAndCountry", "5.CitiesByContinentAndCountry\5.CitiesByContinentAndCountry.csproj", "{2212CB5D-0455-4960-A078-A64410DD73BE}"
EndProject
Project("{FAE04EC0-301F-11D3-BF4B-00C04F79EFBC}") = "6.RecordUniqueNames", "6.RecordUniqueNames\6.RecordUniqueNames.csproj", "{024E0628-4ACC-4230-A52C-A0370DC1F6F6}"
EndProject
Project("{FAE04EC0-301F-11D3-BF4B-00C04F79EFBC}") = "7.ParkingLot", "7.ParkingLot\7.ParkingLot.csproj", "{2C6E94EF-307E-4D61-896B-C88FBA1E186F}"
EndProject
Project("{FAE04EC0-301F-11D3-BF4B-00C04F79EFBC}") = "8.SoftUniParty", "8.SoftUniParty\8.SoftUniParty.csproj", "{4413B354-B79C-452C-BABD-37A9D301D4E6}"
EndProject
Global
	GlobalSection(SolutionConfigurationPlatforms) = preSolution
		Debug|Any CPU = Debug|Any CPU
		Release|Any CPU = Release|Any CPU
	EndGlobalSection
	GlobalSection(ProjectConfigurationPlatforms) = postSolution
		{472DCDCE-1688-4493-90B4-D0D2A73B2E96}.Debug|Any CPU.ActiveCfg = Debug|Any CPU
		{472DCDCE-1688-4493-90B4-D0D2A73B2E96}.Debug|Any CPU.Build.0 = Debug|Any CPU
		{472DCDCE-1688-4493-90B4-D0D2A73B2E96}.Release|Any CPU.ActiveCfg = Release|Any CPU
		{472DCDCE-1688-4493-90B4-D0D2A73B2E96}.Release|Any CPU.Build.0 = Release|Any CPU
		{5F72D1B2-B6E7-4CD8-93C2-41274DEAE899}.Debug|Any CPU.ActiveCfg = Debug|Any CPU
		{5F72D1B2-B6E7-4CD8-93C2-41274DEAE899}.Debug|Any CPU.Build.0 = Debug|Any CPU
		{5F72D1B2-B6E7-4CD8-93C2-41274DEAE899}.Release|Any CPU.ActiveCfg = Release|Any CPU
		{5F72D1B2-B6E7-4CD8-93C2-41274DEAE899}.Release|Any CPU.Build.0 = Release|Any CPU
		{6B853248-C2F8-48D4-8370-53A0675463C2}.Debug|Any CPU.ActiveCfg = Debug|Any CPU
		{6B853248-C2F8-48D4-8370-53A0675463C2}.Debug|Any CPU.Build.0 = Debug|Any CPU
		{6B853248-C2F8-48D4-8370-53A0675463C2}.Release|Any CPU.ActiveCfg = Release|Any CPU
		{6B853248-C2F8-48D4-8370-53A0675463C2}.Release|Any CPU.Build.0 = Release|Any CPU
		{59182364-0E7B-4ECC-A7D3-68D450FD7429}.Debug|Any CPU.ActiveCfg = Debug|Any CPU
		{59182364-0E7B-4ECC-A7D3-68D450FD7429}.Debug|Any CPU.Build.0 = Debug|Any CPU
		{59182364-0E7B-4ECC-A7D3-68D450FD7429}.Release|Any CPU.ActiveCfg = Release|Any CPU
		{59182364-0E7B-4ECC-A7D3-68D450FD7429}.Release|Any CPU.Build.0 = Release|Any CPU
		{2212CB5D-0455-4960-A078-A64410DD73BE}.Debug|Any CPU.ActiveCfg = Debug|Any CPU
		{2212CB5D-0455-4960-A078-A64410DD73BE}.Debug|Any CPU.Build.0 = Debug|Any CPU
		{2212CB5D-0455-4960-A078-A64410DD73BE}.Release|Any CPU.ActiveCfg = Release|Any CPU
		{2212CB5D-0455-4960-A078-A64410DD73BE}.Release|Any CPU.Build.0 = Release|Any CPU
		{024E0628-4ACC-4230-A52C-A0370DC1F6F6}.Debug|Any CPU.ActiveCfg = Debug|Any CPU
		{024E0628-4ACC-4230-A52C-A0370DC1F6F6}.Debug|Any CPU.Build.0 = Debug|Any CPU
		{024E0628-4ACC-4230-A52C-A0370DC1F6F6}.Release|Any CPU.ActiveCfg = Release|Any CPU
		{024E0628-4ACC-4230-A52C-A0370DC1F6F6}.Release|Any CPU.Build.0 = Release|Any CPU
		{2C6E94EF-307E-4D61-896B-C88FBA1E186F}.Debug|Any CPU.ActiveCfg = Debug|Any CPU
		{2C6E94EF-307E-4D61-896B-C88FBA1E186F}.Debug|Any CPU.Build.0 = Debug|Any CPU
		{2C6E94EF-307E-4D61-896B-C88FBA1E186F}.Release|Any CPU.ActiveCfg = Release|Any CPU
		{2C6E94EF-307E-4D61-896B-C88FBA1E186F}.Release|Any CPU.Build.0 = Release|Any CPU
		{4413B354-B79C-452C-BABD-37A9D301D4E6}.Debug|Any CPU.ActiveCfg = Debug|Any CPU
		{4413B354-B79C-452C-BABD-37A9D301D4E6}.Debug|Any CPU.Build.0 = Debug|Any CPU
		{4413B354-B79C-452C-BABD-37A9D301D4E6}.Release|Any CPU.ActiveCfg = Release|Any CPU
		{4413B354-B79C-452C-BABD-37A9D301D4E6}.Release|Any CPU.Build.0 = Release|Any CPU
	EndGlobalSection
	GlobalSection(SolutionProperties) = preSolution
		HideSolutionNode = FALSE
	EndGlobalSection
	GlobalSection(ExtensibilityGlobals) = postSolution
		SolutionGuid = {587592A7-0D18-4BF9-9DFA-33735C21C8EC}
	EndGlobalSection
EndGlobal
