
Microsoft Visual Studio Solution File, Format Version 12.00
# Visual Studio Version 17
VisualStudioVersion = 17.7.34221.43
MinimumVisualStudioVersion = 10.0.40219.1
Project("{9A19103F-16F7-4668-BE54-9A1E7A4F7556}") = "01", "01\01.csproj", "{AF30EEE9-0949-40D7-9680-2C952F5A21C6}"
EndProject
Project("{9A19103F-16F7-4668-BE54-9A1E7A4F7556}") = "02", "02\02.csproj", "{B00FF59C-A114-4EE6-ABB4-07D748143E43}"
EndProject
Project("{9A19103F-16F7-4668-BE54-9A1E7A4F7556}") = "03", "03\03.csproj", "{B18A5509-59AD-4AD4-BF00-C5C80D779CC2}"
EndProject
Project("{9A19103F-16F7-4668-BE54-9A1E7A4F7556}") = "04", "04\04.csproj", "{1EDEC131-DD46-4129-B805-63C797AFB235}"
EndProject
Project("{9A19103F-16F7-4668-BE54-9A1E7A4F7556}") = "05", "05\05.csproj", "{0C419FD0-1C0A-4785-B93B-AA575172ABAD}"
EndProject
Project("{9A19103F-16F7-4668-BE54-9A1E7A4F7556}") = "06", "06\06.csproj", "{73762B13-4CDC-4C89-AD16-1CBB624430D3}"
EndProject
Project("{9A19103F-16F7-4668-BE54-9A1E7A4F7556}") = "07", "07\07.csproj", "{27A8CBDD-94E0-4772-B48B-2FC812A26791}"
EndProject
Project("{9A19103F-16F7-4668-BE54-9A1E7A4F7556}") = "08", "08\08.csproj", "{CA89619A-5AA6-4040-AE9E-2A1ED3C469FE}"
EndProject
Project("{9A19103F-16F7-4668-BE54-9A1E7A4F7556}") = "09", "09\09.csproj", "{4DFE8E43-B559-4DA4-9AAD-C398822F5DEB}"
EndProject
Project("{9A19103F-16F7-4668-BE54-9A1E7A4F7556}") = "10", "010\10.csproj", "{258A9120-30DD-423C-9F22-65686E9413C5}"
EndProject
Project("{9A19103F-16F7-4668-BE54-9A1E7A4F7556}") = "11", "11\11.csproj", "{74B602E7-DA44-48A1-8E45-32542AF90FF1}"
EndProject
Project("{FAE04EC0-301F-11D3-BF4B-00C04F79EFBC}") = "12", "12\12.csproj", "{D2484B60-C3D8-4AF5-BA51-64A1CC2A7E15}"
EndProject
Global
	GlobalSection(SolutionConfigurationPlatforms) = preSolution
		Debug|Any CPU = Debug|Any CPU
		Release|Any CPU = Release|Any CPU
	EndGlobalSection
	GlobalSection(ProjectConfigurationPlatforms) = postSolution
		{AF30EEE9-0949-40D7-9680-2C952F5A21C6}.Debug|Any CPU.ActiveCfg = Debug|Any CPU
		{AF30EEE9-0949-40D7-9680-2C952F5A21C6}.Debug|Any CPU.Build.0 = Debug|Any CPU
		{AF30EEE9-0949-40D7-9680-2C952F5A21C6}.Release|Any CPU.ActiveCfg = Release|Any CPU
		{AF30EEE9-0949-40D7-9680-2C952F5A21C6}.Release|Any CPU.Build.0 = Release|Any CPU
		{B00FF59C-A114-4EE6-ABB4-07D748143E43}.Debug|Any CPU.ActiveCfg = Debug|Any CPU
		{B00FF59C-A114-4EE6-ABB4-07D748143E43}.Debug|Any CPU.Build.0 = Debug|Any CPU
		{B00FF59C-A114-4EE6-ABB4-07D748143E43}.Release|Any CPU.ActiveCfg = Release|Any CPU
		{B00FF59C-A114-4EE6-ABB4-07D748143E43}.Release|Any CPU.Build.0 = Release|Any CPU
		{B18A5509-59AD-4AD4-BF00-C5C80D779CC2}.Debug|Any CPU.ActiveCfg = Debug|Any CPU
		{B18A5509-59AD-4AD4-BF00-C5C80D779CC2}.Debug|Any CPU.Build.0 = Debug|Any CPU
		{B18A5509-59AD-4AD4-BF00-C5C80D779CC2}.Release|Any CPU.ActiveCfg = Release|Any CPU
		{B18A5509-59AD-4AD4-BF00-C5C80D779CC2}.Release|Any CPU.Build.0 = Release|Any CPU
		{1EDEC131-DD46-4129-B805-63C797AFB235}.Debug|Any CPU.ActiveCfg = Debug|Any CPU
		{1EDEC131-DD46-4129-B805-63C797AFB235}.Debug|Any CPU.Build.0 = Debug|Any CPU
		{1EDEC131-DD46-4129-B805-63C797AFB235}.Release|Any CPU.ActiveCfg = Release|Any CPU
		{1EDEC131-DD46-4129-B805-63C797AFB235}.Release|Any CPU.Build.0 = Release|Any CPU
		{0C419FD0-1C0A-4785-B93B-AA575172ABAD}.Debug|Any CPU.ActiveCfg = Debug|Any CPU
		{0C419FD0-1C0A-4785-B93B-AA575172ABAD}.Debug|Any CPU.Build.0 = Debug|Any CPU
		{0C419FD0-1C0A-4785-B93B-AA575172ABAD}.Release|Any CPU.ActiveCfg = Release|Any CPU
		{0C419FD0-1C0A-4785-B93B-AA575172ABAD}.Release|Any CPU.Build.0 = Release|Any CPU
		{73762B13-4CDC-4C89-AD16-1CBB624430D3}.Debug|Any CPU.ActiveCfg = Debug|Any CPU
		{73762B13-4CDC-4C89-AD16-1CBB624430D3}.Debug|Any CPU.Build.0 = Debug|Any CPU
		{73762B13-4CDC-4C89-AD16-1CBB624430D3}.Release|Any CPU.ActiveCfg = Release|Any CPU
		{73762B13-4CDC-4C89-AD16-1CBB624430D3}.Release|Any CPU.Build.0 = Release|Any CPU
		{27A8CBDD-94E0-4772-B48B-2FC812A26791}.Debug|Any CPU.ActiveCfg = Debug|Any CPU
		{27A8CBDD-94E0-4772-B48B-2FC812A26791}.Debug|Any CPU.Build.0 = Debug|Any CPU
		{27A8CBDD-94E0-4772-B48B-2FC812A26791}.Release|Any CPU.ActiveCfg = Release|Any CPU
		{27A8CBDD-94E0-4772-B48B-2FC812A26791}.Release|Any CPU.Build.0 = Release|Any CPU
		{CA89619A-5AA6-4040-AE9E-2A1ED3C469FE}.Debug|Any CPU.ActiveCfg = Debug|Any CPU
		{CA89619A-5AA6-4040-AE9E-2A1ED3C469FE}.Debug|Any CPU.Build.0 = Debug|Any CPU
		{CA89619A-5AA6-4040-AE9E-2A1ED3C469FE}.Release|Any CPU.ActiveCfg = Release|Any CPU
		{CA89619A-5AA6-4040-AE9E-2A1ED3C469FE}.Release|Any CPU.Build.0 = Release|Any CPU
		{4DFE8E43-B559-4DA4-9AAD-C398822F5DEB}.Debug|Any CPU.ActiveCfg = Debug|Any CPU
		{4DFE8E43-B559-4DA4-9AAD-C398822F5DEB}.Debug|Any CPU.Build.0 = Debug|Any CPU
		{4DFE8E43-B559-4DA4-9AAD-C398822F5DEB}.Release|Any CPU.ActiveCfg = Release|Any CPU
		{4DFE8E43-B559-4DA4-9AAD-C398822F5DEB}.Release|Any CPU.Build.0 = Release|Any CPU
		{258A9120-30DD-423C-9F22-65686E9413C5}.Debug|Any CPU.ActiveCfg = Debug|Any CPU
		{258A9120-30DD-423C-9F22-65686E9413C5}.Debug|Any CPU.Build.0 = Debug|Any CPU
		{258A9120-30DD-423C-9F22-65686E9413C5}.Release|Any CPU.ActiveCfg = Release|Any CPU
		{258A9120-30DD-423C-9F22-65686E9413C5}.Release|Any CPU.Build.0 = Release|Any CPU
		{74B602E7-DA44-48A1-8E45-32542AF90FF1}.Debug|Any CPU.ActiveCfg = Debug|Any CPU
		{74B602E7-DA44-48A1-8E45-32542AF90FF1}.Debug|Any CPU.Build.0 = Debug|Any CPU
		{74B602E7-DA44-48A1-8E45-32542AF90FF1}.Release|Any CPU.ActiveCfg = Release|Any CPU
		{74B602E7-DA44-48A1-8E45-32542AF90FF1}.Release|Any CPU.Build.0 = Release|Any CPU
		{D2484B60-C3D8-4AF5-BA51-64A1CC2A7E15}.Debug|Any CPU.ActiveCfg = Debug|Any CPU
		{D2484B60-C3D8-4AF5-BA51-64A1CC2A7E15}.Debug|Any CPU.Build.0 = Debug|Any CPU
		{D2484B60-C3D8-4AF5-BA51-64A1CC2A7E15}.Release|Any CPU.ActiveCfg = Release|Any CPU
		{D2484B60-C3D8-4AF5-BA51-64A1CC2A7E15}.Release|Any CPU.Build.0 = Release|Any CPU
	EndGlobalSection
	GlobalSection(SolutionProperties) = preSolution
		HideSolutionNode = FALSE
	EndGlobalSection
	GlobalSection(ExtensibilityGlobals) = postSolution
		SolutionGuid = {5C8DA387-8874-42A8-A68E-40356DCAFD55}
	EndGlobalSection
EndGlobal
